// !$*UTF8*$!
{
	archiveVersion = 1;
	classes = {
	};
	objectVersion = 52;
	objects = {

/* Begin PBXBuildFile section */
		A32285AA2558050600FF3200 /* AboutViewController.swift in Sources */ = {isa = PBXBuildFile; fileRef = A32285A82558050600FF3200 /* AboutViewController.swift */; };
		A32285AB2558050600FF3200 /* AboutViewController.xib in Resources */ = {isa = PBXBuildFile; fileRef = A32285A92558050600FF3200 /* AboutViewController.xib */; };
		A32285AF25580A8800FF3200 /* Definitions.swift in Sources */ = {isa = PBXBuildFile; fileRef = A32285AE25580A8800FF3200 /* Definitions.swift */; };
		A32285F7255A06E400FF3200 /* left.stl in Resources */ = {isa = PBXBuildFile; fileRef = A32285F5255A06E400FF3200 /* left.stl */; };
		A32285F8255A06E400FF3200 /* right.stl in Resources */ = {isa = PBXBuildFile; fileRef = A32285F6255A06E400FF3200 /* right.stl */; };
		A3228605255B864900FF3200 /* AudioDataHeader.m in Sources */ = {isa = PBXBuildFile; fileRef = A3228601255B847900FF3200 /* AudioDataHeader.m */; };
		A32415FE2554D24B008D4B90 /* CalibrationFrame.swift in Sources */ = {isa = PBXBuildFile; fileRef = A32415FD2554D24B008D4B90 /* CalibrationFrame.swift */; };
		A32416022554D296008D4B90 /* Math.swift in Sources */ = {isa = PBXBuildFile; fileRef = A32416012554D296008D4B90 /* Math.swift */; };
		A32416052554D2FE008D4B90 /* Parser.swift in Sources */ = {isa = PBXBuildFile; fileRef = A32416042554D2FE008D4B90 /* Parser.swift */; };
		A32416082554D326008D4B90 /* CalibrationPayload.swift in Sources */ = {isa = PBXBuildFile; fileRef = A32416072554D326008D4B90 /* CalibrationPayload.swift */; };
		A324160B2554D3AB008D4B90 /* CalibrationResult.swift in Sources */ = {isa = PBXBuildFile; fileRef = A324160A2554D3AB008D4B90 /* CalibrationResult.swift */; };
		A324160F2554D4AD008D4B90 /* CalibrationBuilder.swift in Sources */ = {isa = PBXBuildFile; fileRef = A324160E2554D4AD008D4B90 /* CalibrationBuilder.swift */; };
		A32416182554DA24008D4B90 /* Preference.swift in Sources */ = {isa = PBXBuildFile; fileRef = A32416172554DA24008D4B90 /* Preference.swift */; };
		A324161E2554DABE008D4B90 /* InitialViewController.swift in Sources */ = {isa = PBXBuildFile; fileRef = A324161C2554DABE008D4B90 /* InitialViewController.swift */; };
		A324161F2554DABE008D4B90 /* InitialViewController.xib in Resources */ = {isa = PBXBuildFile; fileRef = A324161D2554DABE008D4B90 /* InitialViewController.xib */; };
		A32416252554DFD4008D4B90 /* CalibrationConnectionViewController.swift in Sources */ = {isa = PBXBuildFile; fileRef = A32416232554DFD3008D4B90 /* CalibrationConnectionViewController.swift */; };
		A32416262554DFD4008D4B90 /* CalibrationConnectionViewController.xib in Resources */ = {isa = PBXBuildFile; fileRef = A32416242554DFD3008D4B90 /* CalibrationConnectionViewController.xib */; };
		A324162A2554E1B8008D4B90 /* CalibrationViewController.swift in Sources */ = {isa = PBXBuildFile; fileRef = A32416282554E1B8008D4B90 /* CalibrationViewController.swift */; };
		A324162B2554E1B8008D4B90 /* CalibrationViewController.xib in Resources */ = {isa = PBXBuildFile; fileRef = A32416292554E1B8008D4B90 /* CalibrationViewController.xib */; };
		A324162E2554E213008D4B90 /* OculusCalibration.swift in Sources */ = {isa = PBXBuildFile; fileRef = A324162D2554E213008D4B90 /* OculusCalibration.swift */; };
		A32416312554E340008D4B90 /* CalibrationSceneNodeBuilder.swift in Sources */ = {isa = PBXBuildFile; fileRef = A32416302554E340008D4B90 /* CalibrationSceneNodeBuilder.swift */; };
		A32416352554E41E008D4B90 /* ProjectionViewController.swift in Sources */ = {isa = PBXBuildFile; fileRef = A32416332554E41E008D4B90 /* ProjectionViewController.swift */; };
		A32416362554E41E008D4B90 /* ProjectionViewController.xib in Resources */ = {isa = PBXBuildFile; fileRef = A32416342554E41E008D4B90 /* ProjectionViewController.xib */; };
		A324163D2554E520008D4B90 /* CGPoint+Extensions.swift in Sources */ = {isa = PBXBuildFile; fileRef = A324163C2554E51F008D4B90 /* CGPoint+Extensions.swift */; };
		A32416402555DBA9008D4B90 /* Double+ScientificString.swift in Sources */ = {isa = PBXBuildFile; fileRef = A324163F2555DBA9008D4B90 /* Double+ScientificString.swift */; };
		A328D8B0253C8C4000B90E62 /* AppDelegate.swift in Sources */ = {isa = PBXBuildFile; fileRef = A328D8AF253C8C4000B90E62 /* AppDelegate.swift */; };
		A328D8B4253C8C4000B90E62 /* MixedRealityConnectionViewController.swift in Sources */ = {isa = PBXBuildFile; fileRef = A328D8B3253C8C4000B90E62 /* MixedRealityConnectionViewController.swift */; };
		A328D8B9253C8C4300B90E62 /* Assets.xcassets in Resources */ = {isa = PBXBuildFile; fileRef = A328D8B8253C8C4300B90E62 /* Assets.xcassets */; };
		A328D8BC253C8C4300B90E62 /* LaunchScreen.storyboard in Resources */ = {isa = PBXBuildFile; fileRef = A328D8BA253C8C4300B90E62 /* LaunchScreen.storyboard */; };
		A328D8CC253C914500B90E62 /* frame.cpp in Sources */ = {isa = PBXBuildFile; fileRef = A328D8CA253C914500B90E62 /* frame.cpp */; };
		A328D8D1253C917300B90E62 /* OculusMRC.mm in Sources */ = {isa = PBXBuildFile; fileRef = A328D8D0253C917300B90E62 /* OculusMRC.mm */; };
		A328D960253C959500B90E62 /* libbz2.tbd in Frameworks */ = {isa = PBXBuildFile; fileRef = A328D95F253C958D00B90E62 /* libbz2.tbd */; };
		A328D963253C95A000B90E62 /* libz.tbd in Frameworks */ = {isa = PBXBuildFile; fileRef = A328D962253C959B00B90E62 /* libz.tbd */; };
		A328D966253C95AD00B90E62 /* libiconv.tbd in Frameworks */ = {isa = PBXBuildFile; fileRef = A328D965253C95A700B90E62 /* libiconv.tbd */; };
		A328D969253C95B700B90E62 /* VideoToolbox.framework in Frameworks */ = {isa = PBXBuildFile; fileRef = A328D968253C95B700B90E62 /* VideoToolbox.framework */; };
		A328D96B253C95BD00B90E62 /* AudioToolbox.framework in Frameworks */ = {isa = PBXBuildFile; fileRef = A328D96A253C95BD00B90E62 /* AudioToolbox.framework */; };
		A328D96D253C95C300B90E62 /* CoreMedia.framework in Frameworks */ = {isa = PBXBuildFile; fileRef = A328D96C253C95C200B90E62 /* CoreMedia.framework */; };
		A328D979253CE54E00B90E62 /* MixedRealityConnectionViewController.xib in Resources */ = {isa = PBXBuildFile; fileRef = A328D978253CE54E00B90E62 /* MixedRealityConnectionViewController.xib */; };
		A328D97F253CE63B00B90E62 /* MixedRealityViewController.swift in Sources */ = {isa = PBXBuildFile; fileRef = A328D97D253CE63B00B90E62 /* MixedRealityViewController.swift */; };
		A328D980253CE63B00B90E62 /* MixedRealityViewController.xib in Resources */ = {isa = PBXBuildFile; fileRef = A328D97E253CE63B00B90E62 /* MixedRealityViewController.xib */; };
		A328D98E253CF2EE00B90E62 /* ARKit.framework in Frameworks */ = {isa = PBXBuildFile; fileRef = A328D98D253CF2EE00B90E62 /* ARKit.framework */; };
		A328D990253CF2F400B90E62 /* SceneKit.framework in Frameworks */ = {isa = PBXBuildFile; fileRef = A328D98F253CF2F400B90E62 /* SceneKit.framework */; };
		A36C606825AE58FE0026DDE1 /* MixedRealityConfiguration.swift in Sources */ = {isa = PBXBuildFile; fileRef = A36C606725AE58FE0026DDE1 /* MixedRealityConfiguration.swift */; };
		A39033ED256859A8004CB638 /* Shaders.swift in Sources */ = {isa = PBXBuildFile; fileRef = A39033EC256859A8004CB638 /* Shaders.swift */; };
		A3A50C0725F4945700413E01 /* SwiftlyAttributedStrings in Frameworks */ = {isa = PBXBuildFile; productRef = A3A50C0625F4945700413E01 /* SwiftlyAttributedStrings */; };
		A3A50C0C25F57AB700413E01 /* ProjectionPickerViewController.swift in Sources */ = {isa = PBXBuildFile; fileRef = A3A50C0A25F57AB700413E01 /* ProjectionPickerViewController.swift */; };
		A3A50C0D25F57AB700413E01 /* ProjectionPickerViewController.xib in Resources */ = {isa = PBXBuildFile; fileRef = A3A50C0B25F57AB700413E01 /* ProjectionPickerViewController.xib */; };
		A3A50C4125F5B3B100413E01 /* SwiftSocket in Frameworks */ = {isa = PBXBuildFile; productRef = A3A50C4025F5B3B100413E01 /* SwiftSocket */; };
		A3A50C4525F5B71000413E01 /* FFmpeg.xcframework in Frameworks */ = {isa = PBXBuildFile; fileRef = A3A50C4425F5B71000413E01 /* FFmpeg.xcframework */; };
/* End PBXBuildFile section */

/* Begin PBXCopyFilesBuildPhase section */
		A36BAB3025F059B00006FDD8 /* Embed Frameworks */ = {
			isa = PBXCopyFilesBuildPhase;
			buildActionMask = 2147483647;
			dstPath = "";
			dstSubfolderSpec = 10;
			files = (
			);
			name = "Embed Frameworks";
			runOnlyForDeploymentPostprocessing = 0;
		};
/* End PBXCopyFilesBuildPhase section */

/* Begin PBXFileReference section */
		3E1B214525678AF60084847C /* RealityMixer.xcconfig */ = {isa = PBXFileReference; lastKnownFileType = text.xcconfig; path = RealityMixer.xcconfig; sourceTree = "<group>"; };
		A32285A82558050600FF3200 /* AboutViewController.swift */ = {isa = PBXFileReference; lastKnownFileType = sourcecode.swift; path = AboutViewController.swift; sourceTree = "<group>"; };
		A32285A92558050600FF3200 /* AboutViewController.xib */ = {isa = PBXFileReference; lastKnownFileType = file.xib; path = AboutViewController.xib; sourceTree = "<group>"; };
		A32285AE25580A8800FF3200 /* Definitions.swift */ = {isa = PBXFileReference; lastKnownFileType = sourcecode.swift; path = Definitions.swift; sourceTree = "<group>"; };
		A32285B62558163B00FF3200 /* Instructions.md */ = {isa = PBXFileReference; lastKnownFileType = net.daringfireball.markdown; path = Instructions.md; sourceTree = "<group>"; };
		A32285F5255A06E400FF3200 /* left.stl */ = {isa = PBXFileReference; lastKnownFileType = file; path = left.stl; sourceTree = "<group>"; };
		A32285F6255A06E400FF3200 /* right.stl */ = {isa = PBXFileReference; lastKnownFileType = file; path = right.stl; sourceTree = "<group>"; };
		A3228600255B847900FF3200 /* AudioDataHeader.h */ = {isa = PBXFileReference; lastKnownFileType = sourcecode.c.h; path = AudioDataHeader.h; sourceTree = "<group>"; };
		A3228601255B847900FF3200 /* AudioDataHeader.m */ = {isa = PBXFileReference; lastKnownFileType = sourcecode.c.objc; path = AudioDataHeader.m; sourceTree = "<group>"; };
		A32415FD2554D24B008D4B90 /* CalibrationFrame.swift */ = {isa = PBXFileReference; lastKnownFileType = sourcecode.swift; path = CalibrationFrame.swift; sourceTree = "<group>"; };
		A32416012554D296008D4B90 /* Math.swift */ = {isa = PBXFileReference; lastKnownFileType = sourcecode.swift; path = Math.swift; sourceTree = "<group>"; };
		A32416042554D2FE008D4B90 /* Parser.swift */ = {isa = PBXFileReference; lastKnownFileType = sourcecode.swift; path = Parser.swift; sourceTree = "<group>"; };
		A32416072554D326008D4B90 /* CalibrationPayload.swift */ = {isa = PBXFileReference; lastKnownFileType = sourcecode.swift; path = CalibrationPayload.swift; sourceTree = "<group>"; };
		A324160A2554D3AB008D4B90 /* CalibrationResult.swift */ = {isa = PBXFileReference; lastKnownFileType = sourcecode.swift; path = CalibrationResult.swift; sourceTree = "<group>"; };
		A324160E2554D4AD008D4B90 /* CalibrationBuilder.swift */ = {isa = PBXFileReference; lastKnownFileType = sourcecode.swift; path = CalibrationBuilder.swift; sourceTree = "<group>"; };
		A32416152554D939008D4B90 /* README.md */ = {isa = PBXFileReference; lastKnownFileType = net.daringfireball.markdown; path = README.md; sourceTree = "<group>"; };
		A32416172554DA24008D4B90 /* Preference.swift */ = {isa = PBXFileReference; lastKnownFileType = sourcecode.swift; path = Preference.swift; sourceTree = "<group>"; };
		A324161C2554DABE008D4B90 /* InitialViewController.swift */ = {isa = PBXFileReference; lastKnownFileType = sourcecode.swift; path = InitialViewController.swift; sourceTree = "<group>"; };
		A324161D2554DABE008D4B90 /* InitialViewController.xib */ = {isa = PBXFileReference; lastKnownFileType = file.xib; path = InitialViewController.xib; sourceTree = "<group>"; };
		A32416232554DFD3008D4B90 /* CalibrationConnectionViewController.swift */ = {isa = PBXFileReference; lastKnownFileType = sourcecode.swift; path = CalibrationConnectionViewController.swift; sourceTree = "<group>"; };
		A32416242554DFD3008D4B90 /* CalibrationConnectionViewController.xib */ = {isa = PBXFileReference; lastKnownFileType = file.xib; path = CalibrationConnectionViewController.xib; sourceTree = "<group>"; };
		A32416282554E1B8008D4B90 /* CalibrationViewController.swift */ = {isa = PBXFileReference; lastKnownFileType = sourcecode.swift; path = CalibrationViewController.swift; sourceTree = "<group>"; };
		A32416292554E1B8008D4B90 /* CalibrationViewController.xib */ = {isa = PBXFileReference; lastKnownFileType = file.xib; path = CalibrationViewController.xib; sourceTree = "<group>"; };
		A324162D2554E213008D4B90 /* OculusCalibration.swift */ = {isa = PBXFileReference; lastKnownFileType = sourcecode.swift; path = OculusCalibration.swift; sourceTree = "<group>"; };
		A32416302554E340008D4B90 /* CalibrationSceneNodeBuilder.swift */ = {isa = PBXFileReference; lastKnownFileType = sourcecode.swift; path = CalibrationSceneNodeBuilder.swift; sourceTree = "<group>"; };
		A32416332554E41E008D4B90 /* ProjectionViewController.swift */ = {isa = PBXFileReference; lastKnownFileType = sourcecode.swift; path = ProjectionViewController.swift; sourceTree = "<group>"; };
		A32416342554E41E008D4B90 /* ProjectionViewController.xib */ = {isa = PBXFileReference; lastKnownFileType = file.xib; path = ProjectionViewController.xib; sourceTree = "<group>"; };
		A324163C2554E51F008D4B90 /* CGPoint+Extensions.swift */ = {isa = PBXFileReference; lastKnownFileType = sourcecode.swift; path = "CGPoint+Extensions.swift"; sourceTree = "<group>"; };
		A324163F2555DBA9008D4B90 /* Double+ScientificString.swift */ = {isa = PBXFileReference; lastKnownFileType = sourcecode.swift; path = "Double+ScientificString.swift"; sourceTree = "<group>"; };
		A328D8AC253C8C4000B90E62 /* RealityMixer.app */ = {isa = PBXFileReference; explicitFileType = wrapper.application; includeInIndex = 0; path = RealityMixer.app; sourceTree = BUILT_PRODUCTS_DIR; };
		A328D8AF253C8C4000B90E62 /* AppDelegate.swift */ = {isa = PBXFileReference; lastKnownFileType = sourcecode.swift; path = AppDelegate.swift; sourceTree = "<group>"; };
		A328D8B3253C8C4000B90E62 /* MixedRealityConnectionViewController.swift */ = {isa = PBXFileReference; lastKnownFileType = sourcecode.swift; path = MixedRealityConnectionViewController.swift; sourceTree = "<group>"; };
		A328D8B8253C8C4300B90E62 /* Assets.xcassets */ = {isa = PBXFileReference; lastKnownFileType = folder.assetcatalog; path = Assets.xcassets; sourceTree = "<group>"; };
		A328D8BB253C8C4300B90E62 /* Base */ = {isa = PBXFileReference; lastKnownFileType = file.storyboard; name = Base; path = Base.lproj/LaunchScreen.storyboard; sourceTree = "<group>"; };
		A328D8BD253C8C4300B90E62 /* Info.plist */ = {isa = PBXFileReference; lastKnownFileType = text.plist.xml; path = Info.plist; sourceTree = "<group>"; };
		A328D8C9253C914400B90E62 /* RealityMixer-Bridging-Header.h */ = {isa = PBXFileReference; lastKnownFileType = sourcecode.c.h; path = "RealityMixer-Bridging-Header.h"; sourceTree = "<group>"; };
		A328D8CA253C914500B90E62 /* frame.cpp */ = {isa = PBXFileReference; fileEncoding = 4; lastKnownFileType = sourcecode.cpp.cpp; path = frame.cpp; sourceTree = "<group>"; };
		A328D8CB253C914500B90E62 /* frame.h */ = {isa = PBXFileReference; fileEncoding = 4; lastKnownFileType = sourcecode.c.h; path = frame.h; sourceTree = "<group>"; };
		A328D8CF253C917300B90E62 /* OculusMRC.h */ = {isa = PBXFileReference; lastKnownFileType = sourcecode.c.h; path = OculusMRC.h; sourceTree = "<group>"; };
		A328D8D0253C917300B90E62 /* OculusMRC.mm */ = {isa = PBXFileReference; lastKnownFileType = sourcecode.cpp.objcpp; path = OculusMRC.mm; sourceTree = "<group>"; };
		A328D95F253C958D00B90E62 /* libbz2.tbd */ = {isa = PBXFileReference; lastKnownFileType = "sourcecode.text-based-dylib-definition"; name = libbz2.tbd; path = usr/lib/libbz2.tbd; sourceTree = SDKROOT; };
		A328D962253C959B00B90E62 /* libz.tbd */ = {isa = PBXFileReference; lastKnownFileType = "sourcecode.text-based-dylib-definition"; name = libz.tbd; path = usr/lib/libz.tbd; sourceTree = SDKROOT; };
		A328D965253C95A700B90E62 /* libiconv.tbd */ = {isa = PBXFileReference; lastKnownFileType = "sourcecode.text-based-dylib-definition"; name = libiconv.tbd; path = usr/lib/libiconv.tbd; sourceTree = SDKROOT; };
		A328D968253C95B700B90E62 /* VideoToolbox.framework */ = {isa = PBXFileReference; lastKnownFileType = wrapper.framework; name = VideoToolbox.framework; path = System/Library/Frameworks/VideoToolbox.framework; sourceTree = SDKROOT; };
		A328D96A253C95BD00B90E62 /* AudioToolbox.framework */ = {isa = PBXFileReference; lastKnownFileType = wrapper.framework; name = AudioToolbox.framework; path = System/Library/Frameworks/AudioToolbox.framework; sourceTree = SDKROOT; };
		A328D96C253C95C200B90E62 /* CoreMedia.framework */ = {isa = PBXFileReference; lastKnownFileType = wrapper.framework; name = CoreMedia.framework; path = System/Library/Frameworks/CoreMedia.framework; sourceTree = SDKROOT; };
		A328D978253CE54E00B90E62 /* MixedRealityConnectionViewController.xib */ = {isa = PBXFileReference; lastKnownFileType = file.xib; path = MixedRealityConnectionViewController.xib; sourceTree = "<group>"; };
		A328D97D253CE63B00B90E62 /* MixedRealityViewController.swift */ = {isa = PBXFileReference; lastKnownFileType = sourcecode.swift; path = MixedRealityViewController.swift; sourceTree = "<group>"; };
		A328D97E253CE63B00B90E62 /* MixedRealityViewController.xib */ = {isa = PBXFileReference; lastKnownFileType = file.xib; path = MixedRealityViewController.xib; sourceTree = "<group>"; };
		A328D98D253CF2EE00B90E62 /* ARKit.framework */ = {isa = PBXFileReference; lastKnownFileType = wrapper.framework; name = ARKit.framework; path = System/Library/Frameworks/ARKit.framework; sourceTree = SDKROOT; };
		A328D98F253CF2F400B90E62 /* SceneKit.framework */ = {isa = PBXFileReference; lastKnownFileType = wrapper.framework; name = SceneKit.framework; path = System/Library/Frameworks/SceneKit.framework; sourceTree = SDKROOT; };
		A36C606725AE58FE0026DDE1 /* MixedRealityConfiguration.swift */ = {isa = PBXFileReference; lastKnownFileType = sourcecode.swift; path = MixedRealityConfiguration.swift; sourceTree = "<group>"; };
		A37850BC256C433C00C046FA /* Compatibility.md */ = {isa = PBXFileReference; lastKnownFileType = net.daringfireball.markdown; path = Compatibility.md; sourceTree = "<group>"; };
		A39033EC256859A8004CB638 /* Shaders.swift */ = {isa = PBXFileReference; lastKnownFileType = sourcecode.swift; path = Shaders.swift; sourceTree = "<group>"; };
		A3A50C0A25F57AB700413E01 /* ProjectionPickerViewController.swift */ = {isa = PBXFileReference; lastKnownFileType = sourcecode.swift; path = ProjectionPickerViewController.swift; sourceTree = "<group>"; };
		A3A50C0B25F57AB700413E01 /* ProjectionPickerViewController.xib */ = {isa = PBXFileReference; lastKnownFileType = file.xib; path = ProjectionPickerViewController.xib; sourceTree = "<group>"; };
		A3A50C4425F5B71000413E01 /* FFmpeg.xcframework */ = {isa = PBXFileReference; lastKnownFileType = wrapper.xcframework; name = FFmpeg.xcframework; path = Frameworks/FFmpeg.xcframework; sourceTree = "<group>"; };
/* End PBXFileReference section */

/* Begin PBXFrameworksBuildPhase section */
		A328D8A9253C8C4000B90E62 /* Frameworks */ = {
			isa = PBXFrameworksBuildPhase;
			buildActionMask = 2147483647;
			files = (
				A328D960253C959500B90E62 /* libbz2.tbd in Frameworks */,
				A3A50C0725F4945700413E01 /* SwiftlyAttributedStrings in Frameworks */,
				A3A50C4125F5B3B100413E01 /* SwiftSocket in Frameworks */,
				A328D98E253CF2EE00B90E62 /* ARKit.framework in Frameworks */,
				A328D990253CF2F400B90E62 /* SceneKit.framework in Frameworks */,
				A328D96B253C95BD00B90E62 /* AudioToolbox.framework in Frameworks */,
				A328D96D253C95C300B90E62 /* CoreMedia.framework in Frameworks */,
				A328D966253C95AD00B90E62 /* libiconv.tbd in Frameworks */,
				A3A50C4525F5B71000413E01 /* FFmpeg.xcframework in Frameworks */,
				A328D969253C95B700B90E62 /* VideoToolbox.framework in Frameworks */,
				A328D963253C95A000B90E62 /* libz.tbd in Frameworks */,
			);
			runOnlyForDeploymentPostprocessing = 0;
		};
/* End PBXFrameworksBuildPhase section */

/* Begin PBXGroup section */
		A32285E62559F87B00FF3200 /* Resources */ = {
			isa = PBXGroup;
			children = (
				A32285F5255A06E400FF3200 /* left.stl */,
				A32285F6255A06E400FF3200 /* right.stl */,
				A328D8B8253C8C4300B90E62 /* Assets.xcassets */,
			);
			path = Resources;
			sourceTree = "<group>";
		};
		A32415FA2554D1FB008D4B90 /* Calibration */ = {
			isa = PBXGroup;
			children = (
				A32416382554E4E6008D4B90 /* Extensions */,
				A32416112554D7D3008D4B90 /* ViewControllers */,
				A324160D2554D493008D4B90 /* Builders */,
				A32415FC2554D20C008D4B90 /* Network */,
				A32415FB2554D202008D4B90 /* Model */,
			);
			path = Calibration;
			sourceTree = "<group>";
		};
		A32415FB2554D202008D4B90 /* Model */ = {
			isa = PBXGroup;
			children = (
				A32416012554D296008D4B90 /* Math.swift */,
				A324160A2554D3AB008D4B90 /* CalibrationResult.swift */,
			);
			path = Model;
			sourceTree = "<group>";
		};
		A32415FC2554D20C008D4B90 /* Network */ = {
			isa = PBXGroup;
			children = (
				A32415FD2554D24B008D4B90 /* CalibrationFrame.swift */,
				A32416042554D2FE008D4B90 /* Parser.swift */,
				A32416072554D326008D4B90 /* CalibrationPayload.swift */,
				A324162D2554E213008D4B90 /* OculusCalibration.swift */,
			);
			path = Network;
			sourceTree = "<group>";
		};
		A324160D2554D493008D4B90 /* Builders */ = {
			isa = PBXGroup;
			children = (
				A324160E2554D4AD008D4B90 /* CalibrationBuilder.swift */,
				A32416302554E340008D4B90 /* CalibrationSceneNodeBuilder.swift */,
			);
			path = Builders;
			sourceTree = "<group>";
		};
		A32416112554D7D3008D4B90 /* ViewControllers */ = {
			isa = PBXGroup;
			children = (
				A32416232554DFD3008D4B90 /* CalibrationConnectionViewController.swift */,
				A32416242554DFD3008D4B90 /* CalibrationConnectionViewController.xib */,
				A32416282554E1B8008D4B90 /* CalibrationViewController.swift */,
				A32416292554E1B8008D4B90 /* CalibrationViewController.xib */,
				A32416332554E41E008D4B90 /* ProjectionViewController.swift */,
				A32416342554E41E008D4B90 /* ProjectionViewController.xib */,
				A3A50C0A25F57AB700413E01 /* ProjectionPickerViewController.swift */,
				A3A50C0B25F57AB700413E01 /* ProjectionPickerViewController.xib */,
			);
			path = ViewControllers;
			sourceTree = "<group>";
		};
		A32416122554D7F5008D4B90 /* Capture */ = {
			isa = PBXGroup;
			children = (
				A39033EB2568599B004CB638 /* Shaders */,
				A32416162554DA18008D4B90 /* Model */,
				A328D8C8253C912E00B90E62 /* oculus-mrc */,
				A328D971253CE4AA00B90E62 /* ViewControllers */,
			);
			path = Capture;
			sourceTree = "<group>";
		};
		A32416162554DA18008D4B90 /* Model */ = {
			isa = PBXGroup;
			children = (
				A32416172554DA24008D4B90 /* Preference.swift */,
				A36C606725AE58FE0026DDE1 /* MixedRealityConfiguration.swift */,
			);
			path = Model;
			sourceTree = "<group>";
		};
		A324161A2554DAA1008D4B90 /* Main */ = {
			isa = PBXGroup;
			children = (
				A324161B2554DAA7008D4B90 /* ViewControllers */,
				A32285AE25580A8800FF3200 /* Definitions.swift */,
			);
			path = Main;
			sourceTree = "<group>";
		};
		A324161B2554DAA7008D4B90 /* ViewControllers */ = {
			isa = PBXGroup;
			children = (
				A324161C2554DABE008D4B90 /* InitialViewController.swift */,
				A324161D2554DABE008D4B90 /* InitialViewController.xib */,
				A32285A82558050600FF3200 /* AboutViewController.swift */,
				A32285A92558050600FF3200 /* AboutViewController.xib */,
			);
			path = ViewControllers;
			sourceTree = "<group>";
		};
		A32416382554E4E6008D4B90 /* Extensions */ = {
			isa = PBXGroup;
			children = (
				A324163C2554E51F008D4B90 /* CGPoint+Extensions.swift */,
				A324163F2555DBA9008D4B90 /* Double+ScientificString.swift */,
			);
			path = Extensions;
			sourceTree = "<group>";
		};
		A328D8A3253C8C4000B90E62 = {
			isa = PBXGroup;
			children = (
				A32416152554D939008D4B90 /* README.md */,
				A32285B62558163B00FF3200 /* Instructions.md */,
				A37850BC256C433C00C046FA /* Compatibility.md */,
				A328D8AE253C8C4000B90E62 /* RealityMixer */,
				A328D8AD253C8C4000B90E62 /* Products */,
				A328D95E253C958D00B90E62 /* Frameworks */,
			);
			sourceTree = "<group>";
		};
		A328D8AD253C8C4000B90E62 /* Products */ = {
			isa = PBXGroup;
			children = (
				A328D8AC253C8C4000B90E62 /* RealityMixer.app */,
			);
			name = Products;
			sourceTree = "<group>";
		};
		A328D8AE253C8C4000B90E62 /* RealityMixer */ = {
			isa = PBXGroup;
			children = (
				A32285E62559F87B00FF3200 /* Resources */,
				A324161A2554DAA1008D4B90 /* Main */,
				A32416122554D7F5008D4B90 /* Capture */,
				A32415FA2554D1FB008D4B90 /* Calibration */,
				A328D8C9253C914400B90E62 /* RealityMixer-Bridging-Header.h */,
				A328D8AF253C8C4000B90E62 /* AppDelegate.swift */,
				A328D8BA253C8C4300B90E62 /* LaunchScreen.storyboard */,
				A328D8BD253C8C4300B90E62 /* Info.plist */,
				3E1B214525678AF60084847C /* RealityMixer.xcconfig */,
			);
			path = RealityMixer;
			sourceTree = "<group>";
		};
		A328D8C8253C912E00B90E62 /* oculus-mrc */ = {
			isa = PBXGroup;
			children = (
				A328D8CA253C914500B90E62 /* frame.cpp */,
				A328D8CB253C914500B90E62 /* frame.h */,
				A328D8CF253C917300B90E62 /* OculusMRC.h */,
				A328D8D0253C917300B90E62 /* OculusMRC.mm */,
				A3228600255B847900FF3200 /* AudioDataHeader.h */,
				A3228601255B847900FF3200 /* AudioDataHeader.m */,
			);
			path = "oculus-mrc";
			sourceTree = "<group>";
		};
		A328D95E253C958D00B90E62 /* Frameworks */ = {
			isa = PBXGroup;
			children = (
				A3A50C4425F5B71000413E01 /* FFmpeg.xcframework */,
				A328D98F253CF2F400B90E62 /* SceneKit.framework */,
				A328D98D253CF2EE00B90E62 /* ARKit.framework */,
				A328D96C253C95C200B90E62 /* CoreMedia.framework */,
				A328D96A253C95BD00B90E62 /* AudioToolbox.framework */,
				A328D968253C95B700B90E62 /* VideoToolbox.framework */,
				A328D965253C95A700B90E62 /* libiconv.tbd */,
				A328D962253C959B00B90E62 /* libz.tbd */,
				A328D95F253C958D00B90E62 /* libbz2.tbd */,
			);
			name = Frameworks;
			sourceTree = "<group>";
		};
		A328D971253CE4AA00B90E62 /* ViewControllers */ = {
			isa = PBXGroup;
			children = (
				A328D8B3253C8C4000B90E62 /* MixedRealityConnectionViewController.swift */,
				A328D978253CE54E00B90E62 /* MixedRealityConnectionViewController.xib */,
				A328D97D253CE63B00B90E62 /* MixedRealityViewController.swift */,
				A328D97E253CE63B00B90E62 /* MixedRealityViewController.xib */,
			);
			path = ViewControllers;
			sourceTree = "<group>";
		};
		A39033EB2568599B004CB638 /* Shaders */ = {
			isa = PBXGroup;
			children = (
				A39033EC256859A8004CB638 /* Shaders.swift */,
			);
			path = Shaders;
			sourceTree = "<group>";
		};
/* End PBXGroup section */

/* Begin PBXNativeTarget section */
		A328D8AB253C8C4000B90E62 /* RealityMixer */ = {
			isa = PBXNativeTarget;
			buildConfigurationList = A328D8C0253C8C4300B90E62 /* Build configuration list for PBXNativeTarget "RealityMixer" */;
			buildPhases = (
				A328D8A8253C8C4000B90E62 /* Sources */,
				A328D8A9253C8C4000B90E62 /* Frameworks */,
				A328D8AA253C8C4000B90E62 /* Resources */,
				A36BAB3025F059B00006FDD8 /* Embed Frameworks */,
			);
			buildRules = (
			);
			dependencies = (
			);
			name = RealityMixer;
			packageProductDependencies = (
				A3A50C0625F4945700413E01 /* SwiftlyAttributedStrings */,
				A3A50C4025F5B3B100413E01 /* SwiftSocket */,
			);
			productName = MRTest2;
			productReference = A328D8AC253C8C4000B90E62 /* RealityMixer.app */;
			productType = "com.apple.product-type.application";
		};
/* End PBXNativeTarget section */

/* Begin PBXProject section */
		A328D8A4253C8C4000B90E62 /* Project object */ = {
			isa = PBXProject;
			attributes = {
				LastSwiftUpdateCheck = 1200;
				LastUpgradeCheck = 1200;
				TargetAttributes = {
					A328D8AB253C8C4000B90E62 = {
						CreatedOnToolsVersion = 12.0;
						LastSwiftMigration = 1200;
					};
				};
			};
			buildConfigurationList = A328D8A7253C8C4000B90E62 /* Build configuration list for PBXProject "RealityMixer" */;
			compatibilityVersion = "Xcode 9.3";
			developmentRegion = en;
			hasScannedForEncodings = 0;
			knownRegions = (
				en,
				Base,
			);
			mainGroup = A328D8A3253C8C4000B90E62;
			packageReferences = (
				A3A50C0525F4945700413E01 /* XCRemoteSwiftPackageReference "swiftly-attributed-strings" */,
				A3A50C3F25F5B3B100413E01 /* XCRemoteSwiftPackageReference "SwiftSocket" */,
			);
			productRefGroup = A328D8AD253C8C4000B90E62 /* Products */;
			projectDirPath = "";
			projectRoot = "";
			targets = (
				A328D8AB253C8C4000B90E62 /* RealityMixer */,
			);
		};
/* End PBXProject section */

/* Begin PBXResourcesBuildPhase section */
		A328D8AA253C8C4000B90E62 /* Resources */ = {
			isa = PBXResourcesBuildPhase;
			buildActionMask = 2147483647;
			files = (
				A328D8BC253C8C4300B90E62 /* LaunchScreen.storyboard in Resources */,
				A32416362554E41E008D4B90 /* ProjectionViewController.xib in Resources */,
				A32285F8255A06E400FF3200 /* right.stl in Resources */,
				A32416262554DFD4008D4B90 /* CalibrationConnectionViewController.xib in Resources */,
				A328D8B9253C8C4300B90E62 /* Assets.xcassets in Resources */,
				A32285F7255A06E400FF3200 /* left.stl in Resources */,
				A324162B2554E1B8008D4B90 /* CalibrationViewController.xib in Resources */,
				A324161F2554DABE008D4B90 /* InitialViewController.xib in Resources */,
				A328D979253CE54E00B90E62 /* MixedRealityConnectionViewController.xib in Resources */,
				A3A50C0D25F57AB700413E01 /* ProjectionPickerViewController.xib in Resources */,
				A32285AB2558050600FF3200 /* AboutViewController.xib in Resources */,
				A328D980253CE63B00B90E62 /* MixedRealityViewController.xib in Resources */,
			);
			runOnlyForDeploymentPostprocessing = 0;
		};
/* End PBXResourcesBuildPhase section */

/* Begin PBXSourcesBuildPhase section */
		A328D8A8253C8C4000B90E62 /* Sources */ = {
			isa = PBXSourcesBuildPhase;
			buildActionMask = 2147483647;
			files = (
				A32285AF25580A8800FF3200 /* Definitions.swift in Sources */,
				A3228605255B864900FF3200 /* AudioDataHeader.m in Sources */,
				A328D8B4253C8C4000B90E62 /* MixedRealityConnectionViewController.swift in Sources */,
				A324161E2554DABE008D4B90 /* InitialViewController.swift in Sources */,
				A32285AA2558050600FF3200 /* AboutViewController.swift in Sources */,
				A328D8D1253C917300B90E62 /* OculusMRC.mm in Sources */,
				A32415FE2554D24B008D4B90 /* CalibrationFrame.swift in Sources */,
				A324160F2554D4AD008D4B90 /* CalibrationBuilder.swift in Sources */,
				A32416402555DBA9008D4B90 /* Double+ScientificString.swift in Sources */,
				A324162E2554E213008D4B90 /* OculusCalibration.swift in Sources */,
				A324163D2554E520008D4B90 /* CGPoint+Extensions.swift in Sources */,
				A39033ED256859A8004CB638 /* Shaders.swift in Sources */,
				A3A50C0C25F57AB700413E01 /* ProjectionPickerViewController.swift in Sources */,
				A32416022554D296008D4B90 /* Math.swift in Sources */,
				A32416052554D2FE008D4B90 /* Parser.swift in Sources */,
				A324162A2554E1B8008D4B90 /* CalibrationViewController.swift in Sources */,
				A324160B2554D3AB008D4B90 /* CalibrationResult.swift in Sources */,
				A328D97F253CE63B00B90E62 /* MixedRealityViewController.swift in Sources */,
				A328D8CC253C914500B90E62 /* frame.cpp in Sources */,
				A328D8B0253C8C4000B90E62 /* AppDelegate.swift in Sources */,
				A32416252554DFD4008D4B90 /* CalibrationConnectionViewController.swift in Sources */,
				A32416312554E340008D4B90 /* CalibrationSceneNodeBuilder.swift in Sources */,
				A32416082554D326008D4B90 /* CalibrationPayload.swift in Sources */,
				A36C606825AE58FE0026DDE1 /* MixedRealityConfiguration.swift in Sources */,
				A32416182554DA24008D4B90 /* Preference.swift in Sources */,
				A32416352554E41E008D4B90 /* ProjectionViewController.swift in Sources */,
			);
			runOnlyForDeploymentPostprocessing = 0;
		};
/* End PBXSourcesBuildPhase section */

/* Begin PBXVariantGroup section */
		A328D8BA253C8C4300B90E62 /* LaunchScreen.storyboard */ = {
			isa = PBXVariantGroup;
			children = (
				A328D8BB253C8C4300B90E62 /* Base */,
			);
			name = LaunchScreen.storyboard;
			sourceTree = "<group>";
		};
/* End PBXVariantGroup section */

/* Begin XCBuildConfiguration section */
		A328D8BE253C8C4300B90E62 /* Debug */ = {
			isa = XCBuildConfiguration;
			buildSettings = {
				ALWAYS_SEARCH_USER_PATHS = NO;
				CLANG_ANALYZER_NONNULL = YES;
				CLANG_ANALYZER_NUMBER_OBJECT_CONVERSION = YES_AGGRESSIVE;
				CLANG_CXX_LANGUAGE_STANDARD = "gnu++14";
				CLANG_CXX_LIBRARY = "libc++";
				CLANG_ENABLE_MODULES = YES;
				CLANG_ENABLE_OBJC_ARC = YES;
				CLANG_ENABLE_OBJC_WEAK = YES;
				CLANG_WARN_BLOCK_CAPTURE_AUTORELEASING = YES;
				CLANG_WARN_BOOL_CONVERSION = YES;
				CLANG_WARN_COMMA = YES;
				CLANG_WARN_CONSTANT_CONVERSION = YES;
				CLANG_WARN_DEPRECATED_OBJC_IMPLEMENTATIONS = YES;
				CLANG_WARN_DIRECT_OBJC_ISA_USAGE = YES_ERROR;
				CLANG_WARN_DOCUMENTATION_COMMENTS = YES;
				CLANG_WARN_EMPTY_BODY = YES;
				CLANG_WARN_ENUM_CONVERSION = YES;
				CLANG_WARN_INFINITE_RECURSION = YES;
				CLANG_WARN_INT_CONVERSION = YES;
				CLANG_WARN_NON_LITERAL_NULL_CONVERSION = YES;
				CLANG_WARN_OBJC_IMPLICIT_RETAIN_SELF = YES;
				CLANG_WARN_OBJC_LITERAL_CONVERSION = YES;
				CLANG_WARN_OBJC_ROOT_CLASS = YES_ERROR;
				CLANG_WARN_QUOTED_INCLUDE_IN_FRAMEWORK_HEADER = YES;
				CLANG_WARN_RANGE_LOOP_ANALYSIS = YES;
				CLANG_WARN_STRICT_PROTOTYPES = YES;
				CLANG_WARN_SUSPICIOUS_MOVE = YES;
				CLANG_WARN_UNGUARDED_AVAILABILITY = YES_AGGRESSIVE;
				CLANG_WARN_UNREACHABLE_CODE = YES;
				CLANG_WARN__DUPLICATE_METHOD_MATCH = YES;
				COPY_PHASE_STRIP = NO;
				DEBUG_INFORMATION_FORMAT = dwarf;
				ENABLE_STRICT_OBJC_MSGSEND = YES;
				ENABLE_TESTABILITY = YES;
				GCC_C_LANGUAGE_STANDARD = gnu11;
				GCC_DYNAMIC_NO_PIC = NO;
				GCC_NO_COMMON_BLOCKS = YES;
				GCC_OPTIMIZATION_LEVEL = 0;
				GCC_PREPROCESSOR_DEFINITIONS = (
					"DEBUG=1",
					"$(inherited)",
				);
				GCC_WARN_64_TO_32_BIT_CONVERSION = YES;
				GCC_WARN_ABOUT_RETURN_TYPE = YES_ERROR;
				GCC_WARN_UNDECLARED_SELECTOR = YES;
				GCC_WARN_UNINITIALIZED_AUTOS = YES_AGGRESSIVE;
				GCC_WARN_UNUSED_FUNCTION = YES;
				GCC_WARN_UNUSED_VARIABLE = YES;
				IPHONEOS_DEPLOYMENT_TARGET = 14.0;
				MTL_ENABLE_DEBUG_INFO = INCLUDE_SOURCE;
				MTL_FAST_MATH = YES;
				ONLY_ACTIVE_ARCH = YES;
				SDKROOT = iphoneos;
				SWIFT_ACTIVE_COMPILATION_CONDITIONS = DEBUG;
				SWIFT_OPTIMIZATION_LEVEL = "-Onone";
			};
			name = Debug;
		};
		A328D8BF253C8C4300B90E62 /* Release */ = {
			isa = XCBuildConfiguration;
			buildSettings = {
				ALWAYS_SEARCH_USER_PATHS = NO;
				CLANG_ANALYZER_NONNULL = YES;
				CLANG_ANALYZER_NUMBER_OBJECT_CONVERSION = YES_AGGRESSIVE;
				CLANG_CXX_LANGUAGE_STANDARD = "gnu++14";
				CLANG_CXX_LIBRARY = "libc++";
				CLANG_ENABLE_MODULES = YES;
				CLANG_ENABLE_OBJC_ARC = YES;
				CLANG_ENABLE_OBJC_WEAK = YES;
				CLANG_WARN_BLOCK_CAPTURE_AUTORELEASING = YES;
				CLANG_WARN_BOOL_CONVERSION = YES;
				CLANG_WARN_COMMA = YES;
				CLANG_WARN_CONSTANT_CONVERSION = YES;
				CLANG_WARN_DEPRECATED_OBJC_IMPLEMENTATIONS = YES;
				CLANG_WARN_DIRECT_OBJC_ISA_USAGE = YES_ERROR;
				CLANG_WARN_DOCUMENTATION_COMMENTS = YES;
				CLANG_WARN_EMPTY_BODY = YES;
				CLANG_WARN_ENUM_CONVERSION = YES;
				CLANG_WARN_INFINITE_RECURSION = YES;
				CLANG_WARN_INT_CONVERSION = YES;
				CLANG_WARN_NON_LITERAL_NULL_CONVERSION = YES;
				CLANG_WARN_OBJC_IMPLICIT_RETAIN_SELF = YES;
				CLANG_WARN_OBJC_LITERAL_CONVERSION = YES;
				CLANG_WARN_OBJC_ROOT_CLASS = YES_ERROR;
				CLANG_WARN_QUOTED_INCLUDE_IN_FRAMEWORK_HEADER = YES;
				CLANG_WARN_RANGE_LOOP_ANALYSIS = YES;
				CLANG_WARN_STRICT_PROTOTYPES = YES;
				CLANG_WARN_SUSPICIOUS_MOVE = YES;
				CLANG_WARN_UNGUARDED_AVAILABILITY = YES_AGGRESSIVE;
				CLANG_WARN_UNREACHABLE_CODE = YES;
				CLANG_WARN__DUPLICATE_METHOD_MATCH = YES;
				COPY_PHASE_STRIP = NO;
				DEBUG_INFORMATION_FORMAT = "dwarf-with-dsym";
				ENABLE_NS_ASSERTIONS = NO;
				ENABLE_STRICT_OBJC_MSGSEND = YES;
				GCC_C_LANGUAGE_STANDARD = gnu11;
				GCC_NO_COMMON_BLOCKS = YES;
				GCC_WARN_64_TO_32_BIT_CONVERSION = YES;
				GCC_WARN_ABOUT_RETURN_TYPE = YES_ERROR;
				GCC_WARN_UNDECLARED_SELECTOR = YES;
				GCC_WARN_UNINITIALIZED_AUTOS = YES_AGGRESSIVE;
				GCC_WARN_UNUSED_FUNCTION = YES;
				GCC_WARN_UNUSED_VARIABLE = YES;
				IPHONEOS_DEPLOYMENT_TARGET = 14.0;
				MTL_ENABLE_DEBUG_INFO = NO;
				MTL_FAST_MATH = YES;
				SDKROOT = iphoneos;
				SWIFT_COMPILATION_MODE = wholemodule;
				SWIFT_OPTIMIZATION_LEVEL = "-O";
				VALIDATE_PRODUCT = YES;
			};
			name = Release;
		};
		A328D8C1253C8C4300B90E62 /* Debug */ = {
			isa = XCBuildConfiguration;
			baseConfigurationReference = 3E1B214525678AF60084847C /* RealityMixer.xcconfig */;
			buildSettings = {
				ASSETCATALOG_COMPILER_APPICON_NAME = AppIcon;
				ASSETCATALOG_COMPILER_GLOBAL_ACCENT_COLOR_NAME = AccentColor;
				CLANG_ENABLE_MODULES = YES;
				CODE_SIGN_STYLE = Automatic;
				CURRENT_PROJECT_VERSION = 10;
				FRAMEWORK_SEARCH_PATHS = "$(inherited)";
				HEADER_SEARCH_PATHS = "";
				INFOPLIST_FILE = "$(SRCROOT)/RealityMixer/Info.plist";
				LD_RUNPATH_SEARCH_PATHS = (
					"$(inherited)",
					"@executable_path/Frameworks",
				);
				LIBRARY_SEARCH_PATHS = "$(inherited)";
				MARKETING_VERSION = 0.1.8;
				PRODUCT_BUNDLE_IDENTIFIER = "$(ORGANIZATION_IDENTIFIER).reality.mixer";
				PRODUCT_NAME = "$(TARGET_NAME)";
				SWIFT_OBJC_BRIDGING_HEADER = "RealityMixer/RealityMixer-Bridging-Header.h";
				SWIFT_OPTIMIZATION_LEVEL = "-Onone";
				SWIFT_VERSION = 5.0;
				TARGETED_DEVICE_FAMILY = "1,2";
			};
			name = Debug;
		};
		A328D8C2253C8C4300B90E62 /* Release */ = {
			isa = XCBuildConfiguration;
			baseConfigurationReference = 3E1B214525678AF60084847C /* RealityMixer.xcconfig */;
			buildSettings = {
				ASSETCATALOG_COMPILER_APPICON_NAME = AppIcon;
				ASSETCATALOG_COMPILER_GLOBAL_ACCENT_COLOR_NAME = AccentColor;
				CLANG_ENABLE_MODULES = YES;
				CODE_SIGN_STYLE = Automatic;
				CURRENT_PROJECT_VERSION = 10;
				FRAMEWORK_SEARCH_PATHS = "$(inherited)";
				HEADER_SEARCH_PATHS = "";
				INFOPLIST_FILE = "$(SRCROOT)/RealityMixer/Info.plist";
				LD_RUNPATH_SEARCH_PATHS = (
					"$(inherited)",
					"@executable_path/Frameworks",
				);
				LIBRARY_SEARCH_PATHS = "$(inherited)";
				MARKETING_VERSION = 0.1.8;
				PRODUCT_BUNDLE_IDENTIFIER = "$(ORGANIZATION_IDENTIFIER).reality.mixer";
				PRODUCT_NAME = "$(TARGET_NAME)";
				SWIFT_OBJC_BRIDGING_HEADER = "RealityMixer/RealityMixer-Bridging-Header.h";
				SWIFT_VERSION = 5.0;
				TARGETED_DEVICE_FAMILY = "1,2";
			};
			name = Release;
		};
/* End XCBuildConfiguration section */

/* Begin XCConfigurationList section */
		A328D8A7253C8C4000B90E62 /* Build configuration list for PBXProject "RealityMixer" */ = {
			isa = XCConfigurationList;
			buildConfigurations = (
				A328D8BE253C8C4300B90E62 /* Debug */,
				A328D8BF253C8C4300B90E62 /* Release */,
			);
			defaultConfigurationIsVisible = 0;
			defaultConfigurationName = Release;
		};
		A328D8C0253C8C4300B90E62 /* Build configuration list for PBXNativeTarget "RealityMixer" */ = {
			isa = XCConfigurationList;
			buildConfigurations = (
				A328D8C1253C8C4300B90E62 /* Debug */,
				A328D8C2253C8C4300B90E62 /* Release */,
			);
			defaultConfigurationIsVisible = 0;
			defaultConfigurationName = Release;
		};
/* End XCConfigurationList section */

/* Begin XCRemoteSwiftPackageReference section */
		A3A50C0525F4945700413E01 /* XCRemoteSwiftPackageReference "swiftly-attributed-strings" */ = {
			isa = XCRemoteSwiftPackageReference;
			repositoryURL = "https://github.com/fabio914/swiftly-attributed-strings.git";
			requirement = {
				kind = exactVersion;
				version = 3.0.0;
			};
		};
		A3A50C3F25F5B3B100413E01 /* XCRemoteSwiftPackageReference "SwiftSocket" */ = {
			isa = XCRemoteSwiftPackageReference;
			repositoryURL = "https://github.com/fabio914/SwiftSocket";
			requirement = {
				kind = upToNextMajorVersion;
				minimumVersion = 2.1.1;
			};
		};
/* End XCRemoteSwiftPackageReference section */

/* Begin XCSwiftPackageProductDependency section */
		A3A50C0625F4945700413E01 /* SwiftlyAttributedStrings */ = {
			isa = XCSwiftPackageProductDependency;
			package = A3A50C0525F4945700413E01 /* XCRemoteSwiftPackageReference "swiftly-attributed-strings" */;
			productName = SwiftlyAttributedStrings;
		};
		A3A50C4025F5B3B100413E01 /* SwiftSocket */ = {
			isa = XCSwiftPackageProductDependency;
			package = A3A50C3F25F5B3B100413E01 /* XCRemoteSwiftPackageReference "SwiftSocket" */;
			productName = SwiftSocket;
		};
/* End XCSwiftPackageProductDependency section */
	};
	rootObject = A328D8A4253C8C4000B90E62 /* Project object */;
}
