// !$*UTF8*$!
{
	archiveVersion = 1;
	classes = {
	};
	objectVersion = 50;
	objects = {

/* Begin PBXBuildFile section */
		A32285AA2558050600FF3200 /* AboutViewController.swift in Sources */ = {isa = PBXBuildFile; fileRef = A32285A82558050600FF3200 /* AboutViewController.swift */; };
		A32285AB2558050600FF3200 /* AboutViewController.xib in Resources */ = {isa = PBXBuildFile; fileRef = A32285A92558050600FF3200 /* AboutViewController.xib */; };
		A32285AF25580A8800FF3200 /* Definitions.swift in Sources */ = {isa = PBXBuildFile; fileRef = A32285AE25580A8800FF3200 /* Definitions.swift */; };
		A32285B425580CCA00FF3200 /* SwiftlyAttributedStrings.framework in Frameworks */ = {isa = PBXBuildFile; fileRef = A32285B325580CCA00FF3200 /* SwiftlyAttributedStrings.framework */; };
		A32285F7255A06E400FF3200 /* left.stl in Resources */ = {isa = PBXBuildFile; fileRef = A32285F5255A06E400FF3200 /* left.stl */; };
		A32285F8255A06E400FF3200 /* right.stl in Resources */ = {isa = PBXBuildFile; fileRef = A32285F6255A06E400FF3200 /* right.stl */; };
		A3228605255B864900FF3200 /* AudioDataHeader.m in Sources */ = {isa = PBXBuildFile; fileRef = A3228601255B847900FF3200 /* AudioDataHeader.m */; };
		A32415FE2554D24B008D4B90 /* CalibrationFrame.swift in Sources */ = {isa = PBXBuildFile; fileRef = A32415FD2554D24B008D4B90 /* CalibrationFrame.swift */; };
		A32416022554D296008D4B90 /* Math.swift in Sources */ = {isa = PBXBuildFile; fileRef = A32416012554D296008D4B90 /* Math.swift */; };
		A32416052554D2FE008D4B90 /* Parser.swift in Sources */ = {isa = PBXBuildFile; fileRef = A32416042554D2FE008D4B90 /* Parser.swift */; };
		A32416082554D326008D4B90 /* CalibrationPayload.swift in Sources */ = {isa = PBXBuildFile; fileRef = A32416072554D326008D4B90 /* CalibrationPayload.swift */; };
		A324160B2554D3AB008D4B90 /* CalibrationResult.swift in Sources */ = {isa = PBXBuildFile; fileRef = A324160A2554D3AB008D4B90 /* CalibrationResult.swift */; };
		A324160F2554D4AD008D4B90 /* CalibrationBuilder.swift in Sources */ = {isa = PBXBuildFile; fileRef = A324160E2554D4AD008D4B90 /* CalibrationBuilder.swift */; };
		A32416182554DA24008D4B90 /* Preference.swift in Sources */ = {isa = PBXBuildFile; fileRef = A32416172554DA24008D4B90 /* Preference.swift */; };
		A324161E2554DABE008D4B90 /* InitialViewController.swift in Sources */ = {isa = PBXBuildFile; fileRef = A324161C2554DABE008D4B90 /* InitialViewController.swift */; };
		A324161F2554DABE008D4B90 /* InitialViewController.xib in Resources */ = {isa = PBXBuildFile; fileRef = A324161D2554DABE008D4B90 /* InitialViewController.xib */; };
		A32416252554DFD4008D4B90 /* CalibrationConnectionViewController.swift in Sources */ = {isa = PBXBuildFile; fileRef = A32416232554DFD3008D4B90 /* CalibrationConnectionViewController.swift */; };
		A32416262554DFD4008D4B90 /* CalibrationConnectionViewController.xib in Resources */ = {isa = PBXBuildFile; fileRef = A32416242554DFD3008D4B90 /* CalibrationConnectionViewController.xib */; };
		A324162A2554E1B8008D4B90 /* CalibrationViewController.swift in Sources */ = {isa = PBXBuildFile; fileRef = A32416282554E1B8008D4B90 /* CalibrationViewController.swift */; };
		A324162B2554E1B8008D4B90 /* CalibrationViewController.xib in Resources */ = {isa = PBXBuildFile; fileRef = A32416292554E1B8008D4B90 /* CalibrationViewController.xib */; };
		A324162E2554E213008D4B90 /* OculusCalibration.swift in Sources */ = {isa = PBXBuildFile; fileRef = A324162D2554E213008D4B90 /* OculusCalibration.swift */; };
		A32416312554E340008D4B90 /* CalibrationSceneNodeBuilder.swift in Sources */ = {isa = PBXBuildFile; fileRef = A32416302554E340008D4B90 /* CalibrationSceneNodeBuilder.swift */; };
		A32416352554E41E008D4B90 /* ProjectionViewController.swift in Sources */ = {isa = PBXBuildFile; fileRef = A32416332554E41E008D4B90 /* ProjectionViewController.swift */; };
		A32416362554E41E008D4B90 /* ProjectionViewController.xib in Resources */ = {isa = PBXBuildFile; fileRef = A32416342554E41E008D4B90 /* ProjectionViewController.xib */; };
		A324163A2554E4F5008D4B90 /* Vector3+SceneKit.swift in Sources */ = {isa = PBXBuildFile; fileRef = A32416392554E4F5008D4B90 /* Vector3+SceneKit.swift */; };
		A324163D2554E520008D4B90 /* CGPoint+Extensions.swift in Sources */ = {isa = PBXBuildFile; fileRef = A324163C2554E51F008D4B90 /* CGPoint+Extensions.swift */; };
		A32416402555DBA9008D4B90 /* Double+ScientificString.swift in Sources */ = {isa = PBXBuildFile; fileRef = A324163F2555DBA9008D4B90 /* Double+ScientificString.swift */; };
		A328D8B0253C8C4000B90E62 /* AppDelegate.swift in Sources */ = {isa = PBXBuildFile; fileRef = A328D8AF253C8C4000B90E62 /* AppDelegate.swift */; };
		A328D8B4253C8C4000B90E62 /* MixedRealityConnectionViewController.swift in Sources */ = {isa = PBXBuildFile; fileRef = A328D8B3253C8C4000B90E62 /* MixedRealityConnectionViewController.swift */; };
		A328D8B9253C8C4300B90E62 /* Assets.xcassets in Resources */ = {isa = PBXBuildFile; fileRef = A328D8B8253C8C4300B90E62 /* Assets.xcassets */; };
		A328D8BC253C8C4300B90E62 /* LaunchScreen.storyboard in Resources */ = {isa = PBXBuildFile; fileRef = A328D8BA253C8C4300B90E62 /* LaunchScreen.storyboard */; };
		A328D8C5253C8CD600B90E62 /* SwiftSocket.framework in Frameworks */ = {isa = PBXBuildFile; fileRef = A328D8C4253C8CD600B90E62 /* SwiftSocket.framework */; };
		A328D8CC253C914500B90E62 /* frame.cpp in Sources */ = {isa = PBXBuildFile; fileRef = A328D8CA253C914500B90E62 /* frame.cpp */; };
		A328D8D1253C917300B90E62 /* OculusMRC.mm in Sources */ = {isa = PBXBuildFile; fileRef = A328D8D0253C917300B90E62 /* OculusMRC.mm */; };
		A328D956253C954600B90E62 /* libavutil.a in Frameworks */ = {isa = PBXBuildFile; fileRef = A328D94F253C954600B90E62 /* libavutil.a */; };
		A328D957253C954600B90E62 /* libavfilter.a in Frameworks */ = {isa = PBXBuildFile; fileRef = A328D950253C954600B90E62 /* libavfilter.a */; };
		A328D958253C954600B90E62 /* libavcodec.a in Frameworks */ = {isa = PBXBuildFile; fileRef = A328D951253C954600B90E62 /* libavcodec.a */; };
		A328D959253C954600B90E62 /* libavformat.a in Frameworks */ = {isa = PBXBuildFile; fileRef = A328D952253C954600B90E62 /* libavformat.a */; };
		A328D95A253C954600B90E62 /* libavdevice.a in Frameworks */ = {isa = PBXBuildFile; fileRef = A328D953253C954600B90E62 /* libavdevice.a */; };
		A328D95B253C954600B90E62 /* libswresample.a in Frameworks */ = {isa = PBXBuildFile; fileRef = A328D954253C954600B90E62 /* libswresample.a */; };
		A328D95C253C954600B90E62 /* libswscale.a in Frameworks */ = {isa = PBXBuildFile; fileRef = A328D955253C954600B90E62 /* libswscale.a */; };
		A328D960253C959500B90E62 /* libbz2.tbd in Frameworks */ = {isa = PBXBuildFile; fileRef = A328D95F253C958D00B90E62 /* libbz2.tbd */; };
		A328D963253C95A000B90E62 /* libz.tbd in Frameworks */ = {isa = PBXBuildFile; fileRef = A328D962253C959B00B90E62 /* libz.tbd */; };
		A328D966253C95AD00B90E62 /* libiconv.tbd in Frameworks */ = {isa = PBXBuildFile; fileRef = A328D965253C95A700B90E62 /* libiconv.tbd */; };
		A328D969253C95B700B90E62 /* VideoToolbox.framework in Frameworks */ = {isa = PBXBuildFile; fileRef = A328D968253C95B700B90E62 /* VideoToolbox.framework */; };
		A328D96B253C95BD00B90E62 /* AudioToolbox.framework in Frameworks */ = {isa = PBXBuildFile; fileRef = A328D96A253C95BD00B90E62 /* AudioToolbox.framework */; };
		A328D96D253C95C300B90E62 /* CoreMedia.framework in Frameworks */ = {isa = PBXBuildFile; fileRef = A328D96C253C95C200B90E62 /* CoreMedia.framework */; };
		A328D979253CE54E00B90E62 /* MixedRealityConnectionViewController.xib in Resources */ = {isa = PBXBuildFile; fileRef = A328D978253CE54E00B90E62 /* MixedRealityConnectionViewController.xib */; };
		A328D97F253CE63B00B90E62 /* MixedRealityViewController.swift in Sources */ = {isa = PBXBuildFile; fileRef = A328D97D253CE63B00B90E62 /* MixedRealityViewController.swift */; };
		A328D980253CE63B00B90E62 /* MixedRealityViewController.xib in Resources */ = {isa = PBXBuildFile; fileRef = A328D97E253CE63B00B90E62 /* MixedRealityViewController.xib */; };
		A328D98E253CF2EE00B90E62 /* ARKit.framework in Frameworks */ = {isa = PBXBuildFile; fileRef = A328D98D253CF2EE00B90E62 /* ARKit.framework */; };
		A328D990253CF2F400B90E62 /* SceneKit.framework in Frameworks */ = {isa = PBXBuildFile; fileRef = A328D98F253CF2F400B90E62 /* SceneKit.framework */; };
		A36C606825AE58FE0026DDE1 /* MixedRealityConfiguration.swift in Sources */ = {isa = PBXBuildFile; fileRef = A36C606725AE58FE0026DDE1 /* MixedRealityConfiguration.swift */; };
		A3798AE125D9F6CA00B3BFBC /* CameraExperiment.swift in Sources */ = {isa = PBXBuildFile; fileRef = A3798AE025D9F6CA00B3BFBC /* CameraExperiment.swift */; };
		A39033ED256859A8004CB638 /* Shaders.swift in Sources */ = {isa = PBXBuildFile; fileRef = A39033EC256859A8004CB638 /* Shaders.swift */; };
/* End PBXBuildFile section */

/* Begin PBXFileReference section */
		A32285A82558050600FF3200 /* AboutViewController.swift */ = {isa = PBXFileReference; lastKnownFileType = sourcecode.swift; path = AboutViewController.swift; sourceTree = "<group>"; };
		A32285A92558050600FF3200 /* AboutViewController.xib */ = {isa = PBXFileReference; lastKnownFileType = file.xib; path = AboutViewController.xib; sourceTree = "<group>"; };
		A32285AE25580A8800FF3200 /* Definitions.swift */ = {isa = PBXFileReference; lastKnownFileType = sourcecode.swift; path = Definitions.swift; sourceTree = "<group>"; };
		A32285B325580CCA00FF3200 /* SwiftlyAttributedStrings.framework */ = {isa = PBXFileReference; lastKnownFileType = wrapper.framework; name = SwiftlyAttributedStrings.framework; path = Carthage/Build/iOS/SwiftlyAttributedStrings.framework; sourceTree = SOURCE_ROOT; };
		A32285B62558163B00FF3200 /* Instructions.md */ = {isa = PBXFileReference; lastKnownFileType = net.daringfireball.markdown; path = Instructions.md; sourceTree = "<group>"; };
		A32285F5255A06E400FF3200 /* left.stl */ = {isa = PBXFileReference; lastKnownFileType = file; path = left.stl; sourceTree = "<group>"; };
		A32285F6255A06E400FF3200 /* right.stl */ = {isa = PBXFileReference; lastKnownFileType = file; path = right.stl; sourceTree = "<group>"; };
		A3228600255B847900FF3200 /* AudioDataHeader.h */ = {isa = PBXFileReference; lastKnownFileType = sourcecode.c.h; path = AudioDataHeader.h; sourceTree = "<group>"; };
		A3228601255B847900FF3200 /* AudioDataHeader.m */ = {isa = PBXFileReference; lastKnownFileType = sourcecode.c.objc; path = AudioDataHeader.m; sourceTree = "<group>"; };
		A32415FD2554D24B008D4B90 /* CalibrationFrame.swift */ = {isa = PBXFileReference; lastKnownFileType = sourcecode.swift; path = CalibrationFrame.swift; sourceTree = "<group>"; };
		A32416012554D296008D4B90 /* Math.swift */ = {isa = PBXFileReference; lastKnownFileType = sourcecode.swift; path = Math.swift; sourceTree = "<group>"; };
		A32416042554D2FE008D4B90 /* Parser.swift */ = {isa = PBXFileReference; lastKnownFileType = sourcecode.swift; path = Parser.swift; sourceTree = "<group>"; };
		A32416072554D326008D4B90 /* CalibrationPayload.swift */ = {isa = PBXFileReference; lastKnownFileType = sourcecode.swift; path = CalibrationPayload.swift; sourceTree = "<group>"; };
		A324160A2554D3AB008D4B90 /* CalibrationResult.swift */ = {isa = PBXFileReference; lastKnownFileType = sourcecode.swift; path = CalibrationResult.swift; sourceTree = "<group>"; };
		A324160E2554D4AD008D4B90 /* CalibrationBuilder.swift */ = {isa = PBXFileReference; lastKnownFileType = sourcecode.swift; path = CalibrationBuilder.swift; sourceTree = "<group>"; };
		A32416152554D939008D4B90 /* README.md */ = {isa = PBXFileReference; lastKnownFileType = net.daringfireball.markdown; path = README.md; sourceTree = "<group>"; };
		A32416172554DA24008D4B90 /* Preference.swift */ = {isa = PBXFileReference; lastKnownFileType = sourcecode.swift; path = Preference.swift; sourceTree = "<group>"; };
		A324161C2554DABE008D4B90 /* InitialViewController.swift */ = {isa = PBXFileReference; lastKnownFileType = sourcecode.swift; path = InitialViewController.swift; sourceTree = "<group>"; };
		A324161D2554DABE008D4B90 /* InitialViewController.xib */ = {isa = PBXFileReference; lastKnownFileType = file.xib; path = InitialViewController.xib; sourceTree = "<group>"; };
		A32416232554DFD3008D4B90 /* CalibrationConnectionViewController.swift */ = {isa = PBXFileReference; lastKnownFileType = sourcecode.swift; path = CalibrationConnectionViewController.swift; sourceTree = "<group>"; };
		A32416242554DFD3008D4B90 /* CalibrationConnectionViewController.xib */ = {isa = PBXFileReference; lastKnownFileType = file.xib; path = CalibrationConnectionViewController.xib; sourceTree = "<group>"; };
		A32416282554E1B8008D4B90 /* CalibrationViewController.swift */ = {isa = PBXFileReference; lastKnownFileType = sourcecode.swift; path = CalibrationViewController.swift; sourceTree = "<group>"; };
		A32416292554E1B8008D4B90 /* CalibrationViewController.xib */ = {isa = PBXFileReference; lastKnownFileType = file.xib; path = CalibrationViewController.xib; sourceTree = "<group>"; };
		A324162D2554E213008D4B90 /* OculusCalibration.swift */ = {isa = PBXFileReference; lastKnownFileType = sourcecode.swift; path = OculusCalibration.swift; sourceTree = "<group>"; };
		A32416302554E340008D4B90 /* CalibrationSceneNodeBuilder.swift */ = {isa = PBXFileReference; lastKnownFileType = sourcecode.swift; path = CalibrationSceneNodeBuilder.swift; sourceTree = "<group>"; };
		A32416332554E41E008D4B90 /* ProjectionViewController.swift */ = {isa = PBXFileReference; lastKnownFileType = sourcecode.swift; path = ProjectionViewController.swift; sourceTree = "<group>"; };
		A32416342554E41E008D4B90 /* ProjectionViewController.xib */ = {isa = PBXFileReference; lastKnownFileType = file.xib; path = ProjectionViewController.xib; sourceTree = "<group>"; };
		A32416392554E4F5008D4B90 /* Vector3+SceneKit.swift */ = {isa = PBXFileReference; lastKnownFileType = sourcecode.swift; path = "Vector3+SceneKit.swift"; sourceTree = "<group>"; };
		A324163C2554E51F008D4B90 /* CGPoint+Extensions.swift */ = {isa = PBXFileReference; lastKnownFileType = sourcecode.swift; path = "CGPoint+Extensions.swift"; sourceTree = "<group>"; };
		A324163F2555DBA9008D4B90 /* Double+ScientificString.swift */ = {isa = PBXFileReference; lastKnownFileType = sourcecode.swift; path = "Double+ScientificString.swift"; sourceTree = "<group>"; };
		A328D8AC253C8C4000B90E62 /* RealityMixer.app */ = {isa = PBXFileReference; explicitFileType = wrapper.application; includeInIndex = 0; path = RealityMixer.app; sourceTree = BUILT_PRODUCTS_DIR; };
		A328D8AF253C8C4000B90E62 /* AppDelegate.swift */ = {isa = PBXFileReference; lastKnownFileType = sourcecode.swift; path = AppDelegate.swift; sourceTree = "<group>"; };
		A328D8B3253C8C4000B90E62 /* MixedRealityConnectionViewController.swift */ = {isa = PBXFileReference; lastKnownFileType = sourcecode.swift; path = MixedRealityConnectionViewController.swift; sourceTree = "<group>"; };
		A328D8B8253C8C4300B90E62 /* Assets.xcassets */ = {isa = PBXFileReference; lastKnownFileType = folder.assetcatalog; path = Assets.xcassets; sourceTree = "<group>"; };
		A328D8BB253C8C4300B90E62 /* Base */ = {isa = PBXFileReference; lastKnownFileType = file.storyboard; name = Base; path = Base.lproj/LaunchScreen.storyboard; sourceTree = "<group>"; };
		A328D8BD253C8C4300B90E62 /* Info.plist */ = {isa = PBXFileReference; lastKnownFileType = text.plist.xml; path = Info.plist; sourceTree = "<group>"; };
		A328D8C4253C8CD600B90E62 /* SwiftSocket.framework */ = {isa = PBXFileReference; lastKnownFileType = wrapper.framework; name = SwiftSocket.framework; path = Carthage/Build/iOS/SwiftSocket.framework; sourceTree = SOURCE_ROOT; };
		A328D8C9253C914400B90E62 /* RealityMixer-Bridging-Header.h */ = {isa = PBXFileReference; lastKnownFileType = sourcecode.c.h; path = "RealityMixer-Bridging-Header.h"; sourceTree = "<group>"; };
		A328D8CA253C914500B90E62 /* frame.cpp */ = {isa = PBXFileReference; fileEncoding = 4; lastKnownFileType = sourcecode.cpp.cpp; path = frame.cpp; sourceTree = "<group>"; };
		A328D8CB253C914500B90E62 /* frame.h */ = {isa = PBXFileReference; fileEncoding = 4; lastKnownFileType = sourcecode.c.h; path = frame.h; sourceTree = "<group>"; };
		A328D8CF253C917300B90E62 /* OculusMRC.h */ = {isa = PBXFileReference; lastKnownFileType = sourcecode.c.h; path = OculusMRC.h; sourceTree = "<group>"; };
		A328D8D0253C917300B90E62 /* OculusMRC.mm */ = {isa = PBXFileReference; lastKnownFileType = sourcecode.cpp.objcpp; path = OculusMRC.mm; sourceTree = "<group>"; };
		A328D8D7253C954500B90E62 /* version.h */ = {isa = PBXFileReference; fileEncoding = 4; lastKnownFileType = sourcecode.c.h; path = version.h; sourceTree = "<group>"; };
		A328D8D8253C954500B90E62 /* buffersrc.h */ = {isa = PBXFileReference; fileEncoding = 4; lastKnownFileType = sourcecode.c.h; path = buffersrc.h; sourceTree = "<group>"; };
		A328D8D9253C954500B90E62 /* buffersink.h */ = {isa = PBXFileReference; fileEncoding = 4; lastKnownFileType = sourcecode.c.h; path = buffersink.h; sourceTree = "<group>"; };
		A328D8DA253C954500B90E62 /* avfilter.h */ = {isa = PBXFileReference; fileEncoding = 4; lastKnownFileType = sourcecode.c.h; path = avfilter.h; sourceTree = "<group>"; };
		A328D8DC253C954500B90E62 /* hwcontext.h */ = {isa = PBXFileReference; fileEncoding = 4; lastKnownFileType = sourcecode.c.h; path = hwcontext.h; sourceTree = "<group>"; };
		A328D8DD253C954500B90E62 /* hwcontext_cuda.h */ = {isa = PBXFileReference; fileEncoding = 4; lastKnownFileType = sourcecode.c.h; path = hwcontext_cuda.h; sourceTree = "<group>"; };
		A328D8DE253C954500B90E62 /* intfloat.h */ = {isa = PBXFileReference; fileEncoding = 4; lastKnownFileType = sourcecode.c.h; path = intfloat.h; sourceTree = "<group>"; };
		A328D8DF253C954500B90E62 /* error.h */ = {isa = PBXFileReference; fileEncoding = 4; lastKnownFileType = sourcecode.c.h; path = error.h; sourceTree = "<group>"; };
		A328D8E0253C954500B90E62 /* fifo.h */ = {isa = PBXFileReference; fileEncoding = 4; lastKnownFileType = sourcecode.c.h; path = fifo.h; sourceTree = "<group>"; };
		A328D8E1253C954500B90E62 /* blowfish.h */ = {isa = PBXFileReference; fileEncoding = 4; lastKnownFileType = sourcecode.c.h; path = blowfish.h; sourceTree = "<group>"; };
		A328D8E2253C954500B90E62 /* hwcontext_mediacodec.h */ = {isa = PBXFileReference; fileEncoding = 4; lastKnownFileType = sourcecode.c.h; path = hwcontext_mediacodec.h; sourceTree = "<group>"; };
		A328D8E3253C954500B90E62 /* replaygain.h */ = {isa = PBXFileReference; fileEncoding = 4; lastKnownFileType = sourcecode.c.h; path = replaygain.h; sourceTree = "<group>"; };
		A328D8E4253C954500B90E62 /* version.h */ = {isa = PBXFileReference; fileEncoding = 4; lastKnownFileType = sourcecode.c.h; path = version.h; sourceTree = "<group>"; };
		A328D8E5253C954500B90E62 /* murmur3.h */ = {isa = PBXFileReference; fileEncoding = 4; lastKnownFileType = sourcecode.c.h; path = murmur3.h; sourceTree = "<group>"; };
		A328D8E6253C954500B90E62 /* stereo3d.h */ = {isa = PBXFileReference; fileEncoding = 4; lastKnownFileType = sourcecode.c.h; path = stereo3d.h; sourceTree = "<group>"; };
		A328D8E7253C954500B90E62 /* samplefmt.h */ = {isa = PBXFileReference; fileEncoding = 4; lastKnownFileType = sourcecode.c.h; path = samplefmt.h; sourceTree = "<group>"; };
		A328D8E8253C954500B90E62 /* pixdesc.h */ = {isa = PBXFileReference; fileEncoding = 4; lastKnownFileType = sourcecode.c.h; path = pixdesc.h; sourceTree = "<group>"; };
		A328D8E9253C954500B90E62 /* base64.h */ = {isa = PBXFileReference; fileEncoding = 4; lastKnownFileType = sourcecode.c.h; path = base64.h; sourceTree = "<group>"; };
		A328D8EA253C954500B90E62 /* rational.h */ = {isa = PBXFileReference; fileEncoding = 4; lastKnownFileType = sourcecode.c.h; path = rational.h; sourceTree = "<group>"; };
		A328D8EB253C954500B90E62 /* sha.h */ = {isa = PBXFileReference; fileEncoding = 4; lastKnownFileType = sourcecode.c.h; path = sha.h; sourceTree = "<group>"; };
		A328D8EC253C954500B90E62 /* motion_vector.h */ = {isa = PBXFileReference; fileEncoding = 4; lastKnownFileType = sourcecode.c.h; path = motion_vector.h; sourceTree = "<group>"; };
		A328D8ED253C954500B90E62 /* avconfig.h */ = {isa = PBXFileReference; fileEncoding = 4; lastKnownFileType = sourcecode.c.h; path = avconfig.h; sourceTree = "<group>"; };
		A328D8EE253C954500B90E62 /* lfg.h */ = {isa = PBXFileReference; fileEncoding = 4; lastKnownFileType = sourcecode.c.h; path = lfg.h; sourceTree = "<group>"; };
		A328D8EF253C954500B90E62 /* avutil.h */ = {isa = PBXFileReference; fileEncoding = 4; lastKnownFileType = sourcecode.c.h; path = avutil.h; sourceTree = "<group>"; };
		A328D8F0253C954500B90E62 /* xtea.h */ = {isa = PBXFileReference; fileEncoding = 4; lastKnownFileType = sourcecode.c.h; path = xtea.h; sourceTree = "<group>"; };
		A328D8F1253C954500B90E62 /* crc.h */ = {isa = PBXFileReference; fileEncoding = 4; lastKnownFileType = sourcecode.c.h; path = crc.h; sourceTree = "<group>"; };
		A328D8F2253C954500B90E62 /* hwcontext_vdpau.h */ = {isa = PBXFileReference; fileEncoding = 4; lastKnownFileType = sourcecode.c.h; path = hwcontext_vdpau.h; sourceTree = "<group>"; };
		A328D8F3253C954500B90E62 /* frame.h */ = {isa = PBXFileReference; fileEncoding = 4; lastKnownFileType = sourcecode.c.h; path = frame.h; sourceTree = "<group>"; };
		A328D8F4253C954500B90E62 /* file.h */ = {isa = PBXFileReference; fileEncoding = 4; lastKnownFileType = sourcecode.c.h; path = file.h; sourceTree = "<group>"; };
		A328D8F5253C954500B90E62 /* md5.h */ = {isa = PBXFileReference; fileEncoding = 4; lastKnownFileType = sourcecode.c.h; path = md5.h; sourceTree = "<group>"; };
		A328D8F6253C954500B90E62 /* cast5.h */ = {isa = PBXFileReference; fileEncoding = 4; lastKnownFileType = sourcecode.c.h; path = cast5.h; sourceTree = "<group>"; };
		A328D8F7253C954500B90E62 /* hwcontext_vaapi.h */ = {isa = PBXFileReference; fileEncoding = 4; lastKnownFileType = sourcecode.c.h; path = hwcontext_vaapi.h; sourceTree = "<group>"; };
		A328D8F8253C954500B90E62 /* spherical.h */ = {isa = PBXFileReference; fileEncoding = 4; lastKnownFileType = sourcecode.c.h; path = spherical.h; sourceTree = "<group>"; };
		A328D8F9253C954500B90E62 /* ffversion.h */ = {isa = PBXFileReference; fileEncoding = 4; lastKnownFileType = sourcecode.c.h; path = ffversion.h; sourceTree = "<group>"; };
		A328D8FA253C954500B90E62 /* audio_fifo.h */ = {isa = PBXFileReference; fileEncoding = 4; lastKnownFileType = sourcecode.c.h; path = audio_fifo.h; sourceTree = "<group>"; };
		A328D8FB253C954500B90E62 /* tree.h */ = {isa = PBXFileReference; fileEncoding = 4; lastKnownFileType = sourcecode.c.h; path = tree.h; sourceTree = "<group>"; };
		A328D8FC253C954500B90E62 /* threadmessage.h */ = {isa = PBXFileReference; fileEncoding = 4; lastKnownFileType = sourcecode.c.h; path = threadmessage.h; sourceTree = "<group>"; };
		A328D8FD253C954500B90E62 /* attributes.h */ = {isa = PBXFileReference; fileEncoding = 4; lastKnownFileType = sourcecode.c.h; path = attributes.h; sourceTree = "<group>"; };
		A328D8FE253C954500B90E62 /* adler32.h */ = {isa = PBXFileReference; fileEncoding = 4; lastKnownFileType = sourcecode.c.h; path = adler32.h; sourceTree = "<group>"; };
		A328D8FF253C954500B90E62 /* hwcontext_d3d11va.h */ = {isa = PBXFileReference; fileEncoding = 4; lastKnownFileType = sourcecode.c.h; path = hwcontext_d3d11va.h; sourceTree = "<group>"; };
		A328D900253C954500B90E62 /* timecode.h */ = {isa = PBXFileReference; fileEncoding = 4; lastKnownFileType = sourcecode.c.h; path = timecode.h; sourceTree = "<group>"; };
		A328D901253C954500B90E62 /* tx.h */ = {isa = PBXFileReference; fileEncoding = 4; lastKnownFileType = sourcecode.c.h; path = tx.h; sourceTree = "<group>"; };
		A328D902253C954500B90E62 /* sha512.h */ = {isa = PBXFileReference; fileEncoding = 4; lastKnownFileType = sourcecode.c.h; path = sha512.h; sourceTree = "<group>"; };
		A328D903253C954500B90E62 /* hwcontext_dxva2.h */ = {isa = PBXFileReference; fileEncoding = 4; lastKnownFileType = sourcecode.c.h; path = hwcontext_dxva2.h; sourceTree = "<group>"; };
		A328D904253C954500B90E62 /* display.h */ = {isa = PBXFileReference; fileEncoding = 4; lastKnownFileType = sourcecode.c.h; path = display.h; sourceTree = "<group>"; };
		A328D905253C954500B90E62 /* buffer.h */ = {isa = PBXFileReference; fileEncoding = 4; lastKnownFileType = sourcecode.c.h; path = buffer.h; sourceTree = "<group>"; };
		A328D906253C954500B90E62 /* camellia.h */ = {isa = PBXFileReference; fileEncoding = 4; lastKnownFileType = sourcecode.c.h; path = camellia.h; sourceTree = "<group>"; };
		A328D907253C954500B90E62 /* pixelutils.h */ = {isa = PBXFileReference; fileEncoding = 4; lastKnownFileType = sourcecode.c.h; path = pixelutils.h; sourceTree = "<group>"; };
		A328D908253C954500B90E62 /* hwcontext_drm.h */ = {isa = PBXFileReference; fileEncoding = 4; lastKnownFileType = sourcecode.c.h; path = hwcontext_drm.h; sourceTree = "<group>"; };
		A328D909253C954500B90E62 /* common.h */ = {isa = PBXFileReference; fileEncoding = 4; lastKnownFileType = sourcecode.c.h; path = common.h; sourceTree = "<group>"; };
		A328D90A253C954500B90E62 /* hmac.h */ = {isa = PBXFileReference; fileEncoding = 4; lastKnownFileType = sourcecode.c.h; path = hmac.h; sourceTree = "<group>"; };
		A328D90B253C954500B90E62 /* eval.h */ = {isa = PBXFileReference; fileEncoding = 4; lastKnownFileType = sourcecode.c.h; path = eval.h; sourceTree = "<group>"; };
		A328D90C253C954500B90E62 /* dict.h */ = {isa = PBXFileReference; fileEncoding = 4; lastKnownFileType = sourcecode.c.h; path = dict.h; sourceTree = "<group>"; };
		A328D90D253C954500B90E62 /* random_seed.h */ = {isa = PBXFileReference; fileEncoding = 4; lastKnownFileType = sourcecode.c.h; path = random_seed.h; sourceTree = "<group>"; };
		A328D90E253C954500B90E62 /* opt.h */ = {isa = PBXFileReference; fileEncoding = 4; lastKnownFileType = sourcecode.c.h; path = opt.h; sourceTree = "<group>"; };
		A328D90F253C954500B90E62 /* mastering_display_metadata.h */ = {isa = PBXFileReference; fileEncoding = 4; lastKnownFileType = sourcecode.c.h; path = mastering_display_metadata.h; sourceTree = "<group>"; };
		A328D910253C954500B90E62 /* log.h */ = {isa = PBXFileReference; fileEncoding = 4; lastKnownFileType = sourcecode.c.h; path = log.h; sourceTree = "<group>"; };
		A328D911253C954600B90E62 /* aes.h */ = {isa = PBXFileReference; fileEncoding = 4; lastKnownFileType = sourcecode.c.h; path = aes.h; sourceTree = "<group>"; };
		A328D912253C954600B90E62 /* macros.h */ = {isa = PBXFileReference; fileEncoding = 4; lastKnownFileType = sourcecode.c.h; path = macros.h; sourceTree = "<group>"; };
		A328D913253C954600B90E62 /* bswap.h */ = {isa = PBXFileReference; fileEncoding = 4; lastKnownFileType = sourcecode.c.h; path = bswap.h; sourceTree = "<group>"; };
		A328D914253C954600B90E62 /* rc4.h */ = {isa = PBXFileReference; fileEncoding = 4; lastKnownFileType = sourcecode.c.h; path = rc4.h; sourceTree = "<group>"; };
		A328D915253C954600B90E62 /* tea.h */ = {isa = PBXFileReference; fileEncoding = 4; lastKnownFileType = sourcecode.c.h; path = tea.h; sourceTree = "<group>"; };
		A328D916253C954600B90E62 /* cpu.h */ = {isa = PBXFileReference; fileEncoding = 4; lastKnownFileType = sourcecode.c.h; path = cpu.h; sourceTree = "<group>"; };
		A328D917253C954600B90E62 /* lzo.h */ = {isa = PBXFileReference; fileEncoding = 4; lastKnownFileType = sourcecode.c.h; path = lzo.h; sourceTree = "<group>"; };
		A328D918253C954600B90E62 /* des.h */ = {isa = PBXFileReference; fileEncoding = 4; lastKnownFileType = sourcecode.c.h; path = des.h; sourceTree = "<group>"; };
		A328D919253C954600B90E62 /* channel_layout.h */ = {isa = PBXFileReference; fileEncoding = 4; lastKnownFileType = sourcecode.c.h; path = channel_layout.h; sourceTree = "<group>"; };
		A328D91A253C954600B90E62 /* encryption_info.h */ = {isa = PBXFileReference; fileEncoding = 4; lastKnownFileType = sourcecode.c.h; path = encryption_info.h; sourceTree = "<group>"; };
		A328D91B253C954600B90E62 /* twofish.h */ = {isa = PBXFileReference; fileEncoding = 4; lastKnownFileType = sourcecode.c.h; path = twofish.h; sourceTree = "<group>"; };
		A328D91C253C954600B90E62 /* imgutils.h */ = {isa = PBXFileReference; fileEncoding = 4; lastKnownFileType = sourcecode.c.h; path = imgutils.h; sourceTree = "<group>"; };
		A328D91D253C954600B90E62 /* hwcontext_videotoolbox.h */ = {isa = PBXFileReference; fileEncoding = 4; lastKnownFileType = sourcecode.c.h; path = hwcontext_videotoolbox.h; sourceTree = "<group>"; };
		A328D91E253C954600B90E62 /* mem.h */ = {isa = PBXFileReference; fileEncoding = 4; lastKnownFileType = sourcecode.c.h; path = mem.h; sourceTree = "<group>"; };
		A328D91F253C954600B90E62 /* parseutils.h */ = {isa = PBXFileReference; fileEncoding = 4; lastKnownFileType = sourcecode.c.h; path = parseutils.h; sourceTree = "<group>"; };
		A328D920253C954600B90E62 /* ripemd.h */ = {isa = PBXFileReference; fileEncoding = 4; lastKnownFileType = sourcecode.c.h; path = ripemd.h; sourceTree = "<group>"; };
		A328D921253C954600B90E62 /* bprint.h */ = {isa = PBXFileReference; fileEncoding = 4; lastKnownFileType = sourcecode.c.h; path = bprint.h; sourceTree = "<group>"; };
		A328D922253C954600B90E62 /* hdr_dynamic_metadata.h */ = {isa = PBXFileReference; fileEncoding = 4; lastKnownFileType = sourcecode.c.h; path = hdr_dynamic_metadata.h; sourceTree = "<group>"; };
		A328D923253C954600B90E62 /* hwcontext_qsv.h */ = {isa = PBXFileReference; fileEncoding = 4; lastKnownFileType = sourcecode.c.h; path = hwcontext_qsv.h; sourceTree = "<group>"; };
		A328D924253C954600B90E62 /* pixfmt.h */ = {isa = PBXFileReference; fileEncoding = 4; lastKnownFileType = sourcecode.c.h; path = pixfmt.h; sourceTree = "<group>"; };
		A328D925253C954600B90E62 /* aes_ctr.h */ = {isa = PBXFileReference; fileEncoding = 4; lastKnownFileType = sourcecode.c.h; path = aes_ctr.h; sourceTree = "<group>"; };
		A328D926253C954600B90E62 /* avutil_time.h */ = {isa = PBXFileReference; fileEncoding = 4; lastKnownFileType = sourcecode.c.h; path = avutil_time.h; sourceTree = "<group>"; };
		A328D927253C954600B90E62 /* timestamp.h */ = {isa = PBXFileReference; fileEncoding = 4; lastKnownFileType = sourcecode.c.h; path = timestamp.h; sourceTree = "<group>"; };
		A328D928253C954600B90E62 /* downmix_info.h */ = {isa = PBXFileReference; fileEncoding = 4; lastKnownFileType = sourcecode.c.h; path = downmix_info.h; sourceTree = "<group>"; };
		A328D929253C954600B90E62 /* avassert.h */ = {isa = PBXFileReference; fileEncoding = 4; lastKnownFileType = sourcecode.c.h; path = avassert.h; sourceTree = "<group>"; };
		A328D92A253C954600B90E62 /* hash.h */ = {isa = PBXFileReference; fileEncoding = 4; lastKnownFileType = sourcecode.c.h; path = hash.h; sourceTree = "<group>"; };
		A328D92B253C954600B90E62 /* mathematics.h */ = {isa = PBXFileReference; fileEncoding = 4; lastKnownFileType = sourcecode.c.h; path = mathematics.h; sourceTree = "<group>"; };
		A328D92C253C954600B90E62 /* intreadwrite.h */ = {isa = PBXFileReference; fileEncoding = 4; lastKnownFileType = sourcecode.c.h; path = intreadwrite.h; sourceTree = "<group>"; };
		A328D92D253C954600B90E62 /* avstring.h */ = {isa = PBXFileReference; fileEncoding = 4; lastKnownFileType = sourcecode.c.h; path = avstring.h; sourceTree = "<group>"; };
		A328D92F253C954600B90E62 /* version.h */ = {isa = PBXFileReference; fileEncoding = 4; lastKnownFileType = sourcecode.c.h; path = version.h; sourceTree = "<group>"; };
		A328D930253C954600B90E62 /* avdevice.h */ = {isa = PBXFileReference; fileEncoding = 4; lastKnownFileType = sourcecode.c.h; path = avdevice.h; sourceTree = "<group>"; };
		A328D932253C954600B90E62 /* version.h */ = {isa = PBXFileReference; fileEncoding = 4; lastKnownFileType = sourcecode.c.h; path = version.h; sourceTree = "<group>"; };
		A328D933253C954600B90E62 /* avio.h */ = {isa = PBXFileReference; fileEncoding = 4; lastKnownFileType = sourcecode.c.h; path = avio.h; sourceTree = "<group>"; };
		A328D934253C954600B90E62 /* avformat.h */ = {isa = PBXFileReference; fileEncoding = 4; lastKnownFileType = sourcecode.c.h; path = avformat.h; sourceTree = "<group>"; };
		A328D936253C954600B90E62 /* version.h */ = {isa = PBXFileReference; fileEncoding = 4; lastKnownFileType = sourcecode.c.h; path = version.h; sourceTree = "<group>"; };
		A328D937253C954600B90E62 /* swscale.h */ = {isa = PBXFileReference; fileEncoding = 4; lastKnownFileType = sourcecode.c.h; path = swscale.h; sourceTree = "<group>"; };
		A328D939253C954600B90E62 /* adts_parser.h */ = {isa = PBXFileReference; fileEncoding = 4; lastKnownFileType = sourcecode.c.h; path = adts_parser.h; sourceTree = "<group>"; };
		A328D93A253C954600B90E62 /* avcodec.h */ = {isa = PBXFileReference; fileEncoding = 4; lastKnownFileType = sourcecode.c.h; path = avcodec.h; sourceTree = "<group>"; };
		A328D93B253C954600B90E62 /* version.h */ = {isa = PBXFileReference; fileEncoding = 4; lastKnownFileType = sourcecode.c.h; path = version.h; sourceTree = "<group>"; };
		A328D93C253C954600B90E62 /* vdpau.h */ = {isa = PBXFileReference; fileEncoding = 4; lastKnownFileType = sourcecode.c.h; path = vdpau.h; sourceTree = "<group>"; };
		A328D93D253C954600B90E62 /* qsv.h */ = {isa = PBXFileReference; fileEncoding = 4; lastKnownFileType = sourcecode.c.h; path = qsv.h; sourceTree = "<group>"; };
		A328D93E253C954600B90E62 /* vaapi.h */ = {isa = PBXFileReference; fileEncoding = 4; lastKnownFileType = sourcecode.c.h; path = vaapi.h; sourceTree = "<group>"; };
		A328D93F253C954600B90E62 /* videotoolbox.h */ = {isa = PBXFileReference; fileEncoding = 4; lastKnownFileType = sourcecode.c.h; path = videotoolbox.h; sourceTree = "<group>"; };
		A328D940253C954600B90E62 /* xvmc.h */ = {isa = PBXFileReference; fileEncoding = 4; lastKnownFileType = sourcecode.c.h; path = xvmc.h; sourceTree = "<group>"; };
		A328D941253C954600B90E62 /* mediacodec.h */ = {isa = PBXFileReference; fileEncoding = 4; lastKnownFileType = sourcecode.c.h; path = mediacodec.h; sourceTree = "<group>"; };
		A328D942253C954600B90E62 /* d3d11va.h */ = {isa = PBXFileReference; fileEncoding = 4; lastKnownFileType = sourcecode.c.h; path = d3d11va.h; sourceTree = "<group>"; };
		A328D943253C954600B90E62 /* avfft.h */ = {isa = PBXFileReference; fileEncoding = 4; lastKnownFileType = sourcecode.c.h; path = avfft.h; sourceTree = "<group>"; };
		A328D944253C954600B90E62 /* jni.h */ = {isa = PBXFileReference; fileEncoding = 4; lastKnownFileType = sourcecode.c.h; path = jni.h; sourceTree = "<group>"; };
		A328D945253C954600B90E62 /* dirac.h */ = {isa = PBXFileReference; fileEncoding = 4; lastKnownFileType = sourcecode.c.h; path = dirac.h; sourceTree = "<group>"; };
		A328D946253C954600B90E62 /* avdct.h */ = {isa = PBXFileReference; fileEncoding = 4; lastKnownFileType = sourcecode.c.h; path = avdct.h; sourceTree = "<group>"; };
		A328D947253C954600B90E62 /* ac3_parser.h */ = {isa = PBXFileReference; fileEncoding = 4; lastKnownFileType = sourcecode.c.h; path = ac3_parser.h; sourceTree = "<group>"; };
		A328D948253C954600B90E62 /* vorbis_parser.h */ = {isa = PBXFileReference; fileEncoding = 4; lastKnownFileType = sourcecode.c.h; path = vorbis_parser.h; sourceTree = "<group>"; };
		A328D949253C954600B90E62 /* dxva2.h */ = {isa = PBXFileReference; fileEncoding = 4; lastKnownFileType = sourcecode.c.h; path = dxva2.h; sourceTree = "<group>"; };
		A328D94A253C954600B90E62 /* dv_profile.h */ = {isa = PBXFileReference; fileEncoding = 4; lastKnownFileType = sourcecode.c.h; path = dv_profile.h; sourceTree = "<group>"; };
		A328D94C253C954600B90E62 /* version.h */ = {isa = PBXFileReference; fileEncoding = 4; lastKnownFileType = sourcecode.c.h; path = version.h; sourceTree = "<group>"; };
		A328D94D253C954600B90E62 /* swresample.h */ = {isa = PBXFileReference; fileEncoding = 4; lastKnownFileType = sourcecode.c.h; path = swresample.h; sourceTree = "<group>"; };
		A328D94F253C954600B90E62 /* libavutil.a */ = {isa = PBXFileReference; lastKnownFileType = archive.ar; path = libavutil.a; sourceTree = "<group>"; };
		A328D950253C954600B90E62 /* libavfilter.a */ = {isa = PBXFileReference; lastKnownFileType = archive.ar; path = libavfilter.a; sourceTree = "<group>"; };
		A328D951253C954600B90E62 /* libavcodec.a */ = {isa = PBXFileReference; lastKnownFileType = archive.ar; path = libavcodec.a; sourceTree = "<group>"; };
		A328D952253C954600B90E62 /* libavformat.a */ = {isa = PBXFileReference; lastKnownFileType = archive.ar; path = libavformat.a; sourceTree = "<group>"; };
		A328D953253C954600B90E62 /* libavdevice.a */ = {isa = PBXFileReference; lastKnownFileType = archive.ar; path = libavdevice.a; sourceTree = "<group>"; };
		A328D954253C954600B90E62 /* libswresample.a */ = {isa = PBXFileReference; lastKnownFileType = archive.ar; path = libswresample.a; sourceTree = "<group>"; };
		A328D955253C954600B90E62 /* libswscale.a */ = {isa = PBXFileReference; lastKnownFileType = archive.ar; path = libswscale.a; sourceTree = "<group>"; };
		A328D95F253C958D00B90E62 /* libbz2.tbd */ = {isa = PBXFileReference; lastKnownFileType = "sourcecode.text-based-dylib-definition"; name = libbz2.tbd; path = usr/lib/libbz2.tbd; sourceTree = SDKROOT; };
		A328D962253C959B00B90E62 /* libz.tbd */ = {isa = PBXFileReference; lastKnownFileType = "sourcecode.text-based-dylib-definition"; name = libz.tbd; path = usr/lib/libz.tbd; sourceTree = SDKROOT; };
		A328D965253C95A700B90E62 /* libiconv.tbd */ = {isa = PBXFileReference; lastKnownFileType = "sourcecode.text-based-dylib-definition"; name = libiconv.tbd; path = usr/lib/libiconv.tbd; sourceTree = SDKROOT; };
		A328D968253C95B700B90E62 /* VideoToolbox.framework */ = {isa = PBXFileReference; lastKnownFileType = wrapper.framework; name = VideoToolbox.framework; path = System/Library/Frameworks/VideoToolbox.framework; sourceTree = SDKROOT; };
		A328D96A253C95BD00B90E62 /* AudioToolbox.framework */ = {isa = PBXFileReference; lastKnownFileType = wrapper.framework; name = AudioToolbox.framework; path = System/Library/Frameworks/AudioToolbox.framework; sourceTree = SDKROOT; };
		A328D96C253C95C200B90E62 /* CoreMedia.framework */ = {isa = PBXFileReference; lastKnownFileType = wrapper.framework; name = CoreMedia.framework; path = System/Library/Frameworks/CoreMedia.framework; sourceTree = SDKROOT; };
		A328D978253CE54E00B90E62 /* MixedRealityConnectionViewController.xib */ = {isa = PBXFileReference; lastKnownFileType = file.xib; path = MixedRealityConnectionViewController.xib; sourceTree = "<group>"; };
		A328D97D253CE63B00B90E62 /* MixedRealityViewController.swift */ = {isa = PBXFileReference; lastKnownFileType = sourcecode.swift; path = MixedRealityViewController.swift; sourceTree = "<group>"; };
		A328D97E253CE63B00B90E62 /* MixedRealityViewController.xib */ = {isa = PBXFileReference; lastKnownFileType = file.xib; path = MixedRealityViewController.xib; sourceTree = "<group>"; };
		A328D98D253CF2EE00B90E62 /* ARKit.framework */ = {isa = PBXFileReference; lastKnownFileType = wrapper.framework; name = ARKit.framework; path = System/Library/Frameworks/ARKit.framework; sourceTree = SDKROOT; };
		A328D98F253CF2F400B90E62 /* SceneKit.framework */ = {isa = PBXFileReference; lastKnownFileType = wrapper.framework; name = SceneKit.framework; path = System/Library/Frameworks/SceneKit.framework; sourceTree = SDKROOT; };
		A36C606725AE58FE0026DDE1 /* MixedRealityConfiguration.swift */ = {isa = PBXFileReference; lastKnownFileType = sourcecode.swift; path = MixedRealityConfiguration.swift; sourceTree = "<group>"; };
		A37850BC256C433C00C046FA /* Compatibility.md */ = {isa = PBXFileReference; lastKnownFileType = net.daringfireball.markdown; path = Compatibility.md; sourceTree = "<group>"; };
		A3798AE025D9F6CA00B3BFBC /* CameraExperiment.swift */ = {isa = PBXFileReference; lastKnownFileType = sourcecode.swift; path = CameraExperiment.swift; sourceTree = "<group>"; };
		A39033EC256859A8004CB638 /* Shaders.swift */ = {isa = PBXFileReference; lastKnownFileType = sourcecode.swift; path = Shaders.swift; sourceTree = "<group>"; };
/* End PBXFileReference section */

/* Begin PBXFrameworksBuildPhase section */
		A328D8A9253C8C4000B90E62 /* Frameworks */ = {
			isa = PBXFrameworksBuildPhase;
			buildActionMask = 2147483647;
			files = (
				A328D960253C959500B90E62 /* libbz2.tbd in Frameworks */,
				A328D957253C954600B90E62 /* libavfilter.a in Frameworks */,
				A328D956253C954600B90E62 /* libavutil.a in Frameworks */,
				A328D98E253CF2EE00B90E62 /* ARKit.framework in Frameworks */,
				A328D990253CF2F400B90E62 /* SceneKit.framework in Frameworks */,
				A328D8C5253C8CD600B90E62 /* SwiftSocket.framework in Frameworks */,
				A328D959253C954600B90E62 /* libavformat.a in Frameworks */,
				A328D96B253C95BD00B90E62 /* AudioToolbox.framework in Frameworks */,
				A328D96D253C95C300B90E62 /* CoreMedia.framework in Frameworks */,
				A328D95C253C954600B90E62 /* libswscale.a in Frameworks */,
				A328D95A253C954600B90E62 /* libavdevice.a in Frameworks */,
				A328D966253C95AD00B90E62 /* libiconv.tbd in Frameworks */,
				A32285B425580CCA00FF3200 /* SwiftlyAttributedStrings.framework in Frameworks */,
				A328D969253C95B700B90E62 /* VideoToolbox.framework in Frameworks */,
				A328D95B253C954600B90E62 /* libswresample.a in Frameworks */,
				A328D958253C954600B90E62 /* libavcodec.a in Frameworks */,
				A328D963253C95A000B90E62 /* libz.tbd in Frameworks */,
			);
			runOnlyForDeploymentPostprocessing = 0;
		};
/* End PBXFrameworksBuildPhase section */

/* Begin PBXGroup section */
		A32285E62559F87B00FF3200 /* Resources */ = {
			isa = PBXGroup;
			children = (
				A32285F5255A06E400FF3200 /* left.stl */,
				A32285F6255A06E400FF3200 /* right.stl */,
				A328D8B8253C8C4300B90E62 /* Assets.xcassets */,
			);
			path = Resources;
			sourceTree = "<group>";
		};
		A32415FA2554D1FB008D4B90 /* Calibration */ = {
			isa = PBXGroup;
			children = (
				A32416382554E4E6008D4B90 /* Extensions */,
				A32416112554D7D3008D4B90 /* ViewControllers */,
				A324160D2554D493008D4B90 /* Builders */,
				A32415FC2554D20C008D4B90 /* Network */,
				A32415FB2554D202008D4B90 /* Model */,
			);
			path = Calibration;
			sourceTree = "<group>";
		};
		A32415FB2554D202008D4B90 /* Model */ = {
			isa = PBXGroup;
			children = (
				A32416012554D296008D4B90 /* Math.swift */,
				A324160A2554D3AB008D4B90 /* CalibrationResult.swift */,
			);
			path = Model;
			sourceTree = "<group>";
		};
		A32415FC2554D20C008D4B90 /* Network */ = {
			isa = PBXGroup;
			children = (
				A32415FD2554D24B008D4B90 /* CalibrationFrame.swift */,
				A32416042554D2FE008D4B90 /* Parser.swift */,
				A32416072554D326008D4B90 /* CalibrationPayload.swift */,
				A324162D2554E213008D4B90 /* OculusCalibration.swift */,
			);
			path = Network;
			sourceTree = "<group>";
		};
		A324160D2554D493008D4B90 /* Builders */ = {
			isa = PBXGroup;
			children = (
				A324160E2554D4AD008D4B90 /* CalibrationBuilder.swift */,
				A32416302554E340008D4B90 /* CalibrationSceneNodeBuilder.swift */,
			);
			path = Builders;
			sourceTree = "<group>";
		};
		A32416112554D7D3008D4B90 /* ViewControllers */ = {
			isa = PBXGroup;
			children = (
				A32416232554DFD3008D4B90 /* CalibrationConnectionViewController.swift */,
				A32416242554DFD3008D4B90 /* CalibrationConnectionViewController.xib */,
				A32416282554E1B8008D4B90 /* CalibrationViewController.swift */,
				A32416292554E1B8008D4B90 /* CalibrationViewController.xib */,
				A32416332554E41E008D4B90 /* ProjectionViewController.swift */,
				A32416342554E41E008D4B90 /* ProjectionViewController.xib */,
			);
			path = ViewControllers;
			sourceTree = "<group>";
		};
		A32416122554D7F5008D4B90 /* Capture */ = {
			isa = PBXGroup;
			children = (
				A39033EB2568599B004CB638 /* Shaders */,
				A32416162554DA18008D4B90 /* Model */,
				A328D8C8253C912E00B90E62 /* oculus-mrc */,
				A328D971253CE4AA00B90E62 /* ViewControllers */,
				A3798AE025D9F6CA00B3BFBC /* CameraExperiment.swift */,
			);
			path = Capture;
			sourceTree = "<group>";
		};
		A32416162554DA18008D4B90 /* Model */ = {
			isa = PBXGroup;
			children = (
				A32416172554DA24008D4B90 /* Preference.swift */,
				A36C606725AE58FE0026DDE1 /* MixedRealityConfiguration.swift */,
			);
			path = Model;
			sourceTree = "<group>";
		};
		A324161A2554DAA1008D4B90 /* Main */ = {
			isa = PBXGroup;
			children = (
				A324161B2554DAA7008D4B90 /* ViewControllers */,
				A32285AE25580A8800FF3200 /* Definitions.swift */,
			);
			path = Main;
			sourceTree = "<group>";
		};
		A324161B2554DAA7008D4B90 /* ViewControllers */ = {
			isa = PBXGroup;
			children = (
				A324161C2554DABE008D4B90 /* InitialViewController.swift */,
				A324161D2554DABE008D4B90 /* InitialViewController.xib */,
				A32285A82558050600FF3200 /* AboutViewController.swift */,
				A32285A92558050600FF3200 /* AboutViewController.xib */,
			);
			path = ViewControllers;
			sourceTree = "<group>";
		};
		A32416382554E4E6008D4B90 /* Extensions */ = {
			isa = PBXGroup;
			children = (
				A32416392554E4F5008D4B90 /* Vector3+SceneKit.swift */,
				A324163C2554E51F008D4B90 /* CGPoint+Extensions.swift */,
				A324163F2555DBA9008D4B90 /* Double+ScientificString.swift */,
			);
			path = Extensions;
			sourceTree = "<group>";
		};
		A328D8A3253C8C4000B90E62 = {
			isa = PBXGroup;
			children = (
				A32416152554D939008D4B90 /* README.md */,
				A32285B62558163B00FF3200 /* Instructions.md */,
				A37850BC256C433C00C046FA /* Compatibility.md */,
				A328D8AE253C8C4000B90E62 /* RealityMixer */,
				A328D8AD253C8C4000B90E62 /* Products */,
				A328D95E253C958D00B90E62 /* Frameworks */,
			);
			sourceTree = "<group>";
		};
		A328D8AD253C8C4000B90E62 /* Products */ = {
			isa = PBXGroup;
			children = (
				A328D8AC253C8C4000B90E62 /* RealityMixer.app */,
			);
			name = Products;
			sourceTree = "<group>";
		};
		A328D8AE253C8C4000B90E62 /* RealityMixer */ = {
			isa = PBXGroup;
			children = (
				A32285E62559F87B00FF3200 /* Resources */,
				A324161A2554DAA1008D4B90 /* Main */,
				A32416122554D7F5008D4B90 /* Capture */,
				A32415FA2554D1FB008D4B90 /* Calibration */,
				A328D8C9253C914400B90E62 /* RealityMixer-Bridging-Header.h */,
				A328D8D4253C954500B90E62 /* FFmpeg-iOS */,
				A328D8C4253C8CD600B90E62 /* SwiftSocket.framework */,
				A32285B325580CCA00FF3200 /* SwiftlyAttributedStrings.framework */,
				A328D8AF253C8C4000B90E62 /* AppDelegate.swift */,
				A328D8BA253C8C4300B90E62 /* LaunchScreen.storyboard */,
				A328D8BD253C8C4300B90E62 /* Info.plist */,
			);
			path = RealityMixer;
			sourceTree = "<group>";
		};
		A328D8C8253C912E00B90E62 /* oculus-mrc */ = {
			isa = PBXGroup;
			children = (
				A328D8CA253C914500B90E62 /* frame.cpp */,
				A328D8CB253C914500B90E62 /* frame.h */,
				A328D8CF253C917300B90E62 /* OculusMRC.h */,
				A328D8D0253C917300B90E62 /* OculusMRC.mm */,
				A3228600255B847900FF3200 /* AudioDataHeader.h */,
				A3228601255B847900FF3200 /* AudioDataHeader.m */,
			);
			path = "oculus-mrc";
			sourceTree = "<group>";
		};
		A328D8D4253C954500B90E62 /* FFmpeg-iOS */ = {
			isa = PBXGroup;
			children = (
				A328D8D5253C954500B90E62 /* include */,
				A328D94E253C954600B90E62 /* lib */,
			);
			path = "FFmpeg-iOS";
			sourceTree = "<group>";
		};
		A328D8D5253C954500B90E62 /* include */ = {
			isa = PBXGroup;
			children = (
				A328D8D6253C954500B90E62 /* libavfilter */,
				A328D8DB253C954500B90E62 /* libavutil */,
				A328D92E253C954600B90E62 /* libavdevice */,
				A328D931253C954600B90E62 /* libavformat */,
				A328D935253C954600B90E62 /* libswscale */,
				A328D938253C954600B90E62 /* libavcodec */,
				A328D94B253C954600B90E62 /* libswresample */,
			);
			path = include;
			sourceTree = "<group>";
		};
		A328D8D6253C954500B90E62 /* libavfilter */ = {
			isa = PBXGroup;
			children = (
				A328D8D7253C954500B90E62 /* version.h */,
				A328D8D8253C954500B90E62 /* buffersrc.h */,
				A328D8D9253C954500B90E62 /* buffersink.h */,
				A328D8DA253C954500B90E62 /* avfilter.h */,
			);
			path = libavfilter;
			sourceTree = "<group>";
		};
		A328D8DB253C954500B90E62 /* libavutil */ = {
			isa = PBXGroup;
			children = (
				A328D8DC253C954500B90E62 /* hwcontext.h */,
				A328D8DD253C954500B90E62 /* hwcontext_cuda.h */,
				A328D8DE253C954500B90E62 /* intfloat.h */,
				A328D8DF253C954500B90E62 /* error.h */,
				A328D8E0253C954500B90E62 /* fifo.h */,
				A328D8E1253C954500B90E62 /* blowfish.h */,
				A328D8E2253C954500B90E62 /* hwcontext_mediacodec.h */,
				A328D8E3253C954500B90E62 /* replaygain.h */,
				A328D8E4253C954500B90E62 /* version.h */,
				A328D8E5253C954500B90E62 /* murmur3.h */,
				A328D8E6253C954500B90E62 /* stereo3d.h */,
				A328D8E7253C954500B90E62 /* samplefmt.h */,
				A328D8E8253C954500B90E62 /* pixdesc.h */,
				A328D8E9253C954500B90E62 /* base64.h */,
				A328D8EA253C954500B90E62 /* rational.h */,
				A328D8EB253C954500B90E62 /* sha.h */,
				A328D8EC253C954500B90E62 /* motion_vector.h */,
				A328D8ED253C954500B90E62 /* avconfig.h */,
				A328D8EE253C954500B90E62 /* lfg.h */,
				A328D8EF253C954500B90E62 /* avutil.h */,
				A328D8F0253C954500B90E62 /* xtea.h */,
				A328D8F1253C954500B90E62 /* crc.h */,
				A328D8F2253C954500B90E62 /* hwcontext_vdpau.h */,
				A328D8F3253C954500B90E62 /* frame.h */,
				A328D8F4253C954500B90E62 /* file.h */,
				A328D8F5253C954500B90E62 /* md5.h */,
				A328D8F6253C954500B90E62 /* cast5.h */,
				A328D8F7253C954500B90E62 /* hwcontext_vaapi.h */,
				A328D8F8253C954500B90E62 /* spherical.h */,
				A328D8F9253C954500B90E62 /* ffversion.h */,
				A328D8FA253C954500B90E62 /* audio_fifo.h */,
				A328D8FB253C954500B90E62 /* tree.h */,
				A328D8FC253C954500B90E62 /* threadmessage.h */,
				A328D8FD253C954500B90E62 /* attributes.h */,
				A328D8FE253C954500B90E62 /* adler32.h */,
				A328D8FF253C954500B90E62 /* hwcontext_d3d11va.h */,
				A328D900253C954500B90E62 /* timecode.h */,
				A328D901253C954500B90E62 /* tx.h */,
				A328D902253C954500B90E62 /* sha512.h */,
				A328D903253C954500B90E62 /* hwcontext_dxva2.h */,
				A328D904253C954500B90E62 /* display.h */,
				A328D905253C954500B90E62 /* buffer.h */,
				A328D906253C954500B90E62 /* camellia.h */,
				A328D907253C954500B90E62 /* pixelutils.h */,
				A328D908253C954500B90E62 /* hwcontext_drm.h */,
				A328D909253C954500B90E62 /* common.h */,
				A328D90A253C954500B90E62 /* hmac.h */,
				A328D90B253C954500B90E62 /* eval.h */,
				A328D90C253C954500B90E62 /* dict.h */,
				A328D90D253C954500B90E62 /* random_seed.h */,
				A328D90E253C954500B90E62 /* opt.h */,
				A328D90F253C954500B90E62 /* mastering_display_metadata.h */,
				A328D910253C954500B90E62 /* log.h */,
				A328D911253C954600B90E62 /* aes.h */,
				A328D912253C954600B90E62 /* macros.h */,
				A328D913253C954600B90E62 /* bswap.h */,
				A328D914253C954600B90E62 /* rc4.h */,
				A328D915253C954600B90E62 /* tea.h */,
				A328D916253C954600B90E62 /* cpu.h */,
				A328D917253C954600B90E62 /* lzo.h */,
				A328D918253C954600B90E62 /* des.h */,
				A328D919253C954600B90E62 /* channel_layout.h */,
				A328D91A253C954600B90E62 /* encryption_info.h */,
				A328D91B253C954600B90E62 /* twofish.h */,
				A328D91C253C954600B90E62 /* imgutils.h */,
				A328D91D253C954600B90E62 /* hwcontext_videotoolbox.h */,
				A328D91E253C954600B90E62 /* mem.h */,
				A328D91F253C954600B90E62 /* parseutils.h */,
				A328D920253C954600B90E62 /* ripemd.h */,
				A328D921253C954600B90E62 /* bprint.h */,
				A328D922253C954600B90E62 /* hdr_dynamic_metadata.h */,
				A328D923253C954600B90E62 /* hwcontext_qsv.h */,
				A328D924253C954600B90E62 /* pixfmt.h */,
				A328D925253C954600B90E62 /* aes_ctr.h */,
				A328D926253C954600B90E62 /* avutil_time.h */,
				A328D927253C954600B90E62 /* timestamp.h */,
				A328D928253C954600B90E62 /* downmix_info.h */,
				A328D929253C954600B90E62 /* avassert.h */,
				A328D92A253C954600B90E62 /* hash.h */,
				A328D92B253C954600B90E62 /* mathematics.h */,
				A328D92C253C954600B90E62 /* intreadwrite.h */,
				A328D92D253C954600B90E62 /* avstring.h */,
			);
			path = libavutil;
			sourceTree = "<group>";
		};
		A328D92E253C954600B90E62 /* libavdevice */ = {
			isa = PBXGroup;
			children = (
				A328D92F253C954600B90E62 /* version.h */,
				A328D930253C954600B90E62 /* avdevice.h */,
			);
			path = libavdevice;
			sourceTree = "<group>";
		};
		A328D931253C954600B90E62 /* libavformat */ = {
			isa = PBXGroup;
			children = (
				A328D932253C954600B90E62 /* version.h */,
				A328D933253C954600B90E62 /* avio.h */,
				A328D934253C954600B90E62 /* avformat.h */,
			);
			path = libavformat;
			sourceTree = "<group>";
		};
		A328D935253C954600B90E62 /* libswscale */ = {
			isa = PBXGroup;
			children = (
				A328D936253C954600B90E62 /* version.h */,
				A328D937253C954600B90E62 /* swscale.h */,
			);
			path = libswscale;
			sourceTree = "<group>";
		};
		A328D938253C954600B90E62 /* libavcodec */ = {
			isa = PBXGroup;
			children = (
				A328D939253C954600B90E62 /* adts_parser.h */,
				A328D93A253C954600B90E62 /* avcodec.h */,
				A328D93B253C954600B90E62 /* version.h */,
				A328D93C253C954600B90E62 /* vdpau.h */,
				A328D93D253C954600B90E62 /* qsv.h */,
				A328D93E253C954600B90E62 /* vaapi.h */,
				A328D93F253C954600B90E62 /* videotoolbox.h */,
				A328D940253C954600B90E62 /* xvmc.h */,
				A328D941253C954600B90E62 /* mediacodec.h */,
				A328D942253C954600B90E62 /* d3d11va.h */,
				A328D943253C954600B90E62 /* avfft.h */,
				A328D944253C954600B90E62 /* jni.h */,
				A328D945253C954600B90E62 /* dirac.h */,
				A328D946253C954600B90E62 /* avdct.h */,
				A328D947253C954600B90E62 /* ac3_parser.h */,
				A328D948253C954600B90E62 /* vorbis_parser.h */,
				A328D949253C954600B90E62 /* dxva2.h */,
				A328D94A253C954600B90E62 /* dv_profile.h */,
			);
			path = libavcodec;
			sourceTree = "<group>";
		};
		A328D94B253C954600B90E62 /* libswresample */ = {
			isa = PBXGroup;
			children = (
				A328D94C253C954600B90E62 /* version.h */,
				A328D94D253C954600B90E62 /* swresample.h */,
			);
			path = libswresample;
			sourceTree = "<group>";
		};
		A328D94E253C954600B90E62 /* lib */ = {
			isa = PBXGroup;
			children = (
				A328D94F253C954600B90E62 /* libavutil.a */,
				A328D950253C954600B90E62 /* libavfilter.a */,
				A328D951253C954600B90E62 /* libavcodec.a */,
				A328D952253C954600B90E62 /* libavformat.a */,
				A328D953253C954600B90E62 /* libavdevice.a */,
				A328D954253C954600B90E62 /* libswresample.a */,
				A328D955253C954600B90E62 /* libswscale.a */,
			);
			path = lib;
			sourceTree = "<group>";
		};
		A328D95E253C958D00B90E62 /* Frameworks */ = {
			isa = PBXGroup;
			children = (
				A328D98F253CF2F400B90E62 /* SceneKit.framework */,
				A328D98D253CF2EE00B90E62 /* ARKit.framework */,
				A328D96C253C95C200B90E62 /* CoreMedia.framework */,
				A328D96A253C95BD00B90E62 /* AudioToolbox.framework */,
				A328D968253C95B700B90E62 /* VideoToolbox.framework */,
				A328D965253C95A700B90E62 /* libiconv.tbd */,
				A328D962253C959B00B90E62 /* libz.tbd */,
				A328D95F253C958D00B90E62 /* libbz2.tbd */,
			);
			name = Frameworks;
			sourceTree = "<group>";
		};
		A328D971253CE4AA00B90E62 /* ViewControllers */ = {
			isa = PBXGroup;
			children = (
				A328D8B3253C8C4000B90E62 /* MixedRealityConnectionViewController.swift */,
				A328D978253CE54E00B90E62 /* MixedRealityConnectionViewController.xib */,
				A328D97D253CE63B00B90E62 /* MixedRealityViewController.swift */,
				A328D97E253CE63B00B90E62 /* MixedRealityViewController.xib */,
			);
			path = ViewControllers;
			sourceTree = "<group>";
		};
		A39033EB2568599B004CB638 /* Shaders */ = {
			isa = PBXGroup;
			children = (
				A39033EC256859A8004CB638 /* Shaders.swift */,
			);
			path = Shaders;
			sourceTree = "<group>";
		};
/* End PBXGroup section */

/* Begin PBXNativeTarget section */
		A328D8AB253C8C4000B90E62 /* RealityMixer */ = {
			isa = PBXNativeTarget;
			buildConfigurationList = A328D8C0253C8C4300B90E62 /* Build configuration list for PBXNativeTarget "RealityMixer" */;
			buildPhases = (
				A328D8A8253C8C4000B90E62 /* Sources */,
				A328D8A9253C8C4000B90E62 /* Frameworks */,
				A328D8AA253C8C4000B90E62 /* Resources */,
				A328D8C6253C8CE200B90E62 /* ShellScript */,
			);
			buildRules = (
			);
			dependencies = (
			);
			name = RealityMixer;
			productName = MRTest2;
			productReference = A328D8AC253C8C4000B90E62 /* RealityMixer.app */;
			productType = "com.apple.product-type.application";
		};
/* End PBXNativeTarget section */

/* Begin PBXProject section */
		A328D8A4253C8C4000B90E62 /* Project object */ = {
			isa = PBXProject;
			attributes = {
				LastSwiftUpdateCheck = 1200;
				LastUpgradeCheck = 1200;
				TargetAttributes = {
					A328D8AB253C8C4000B90E62 = {
						CreatedOnToolsVersion = 12.0;
						LastSwiftMigration = 1200;
					};
				};
			};
			buildConfigurationList = A328D8A7253C8C4000B90E62 /* Build configuration list for PBXProject "RealityMixer" */;
			compatibilityVersion = "Xcode 9.3";
			developmentRegion = en;
			hasScannedForEncodings = 0;
			knownRegions = (
				en,
				Base,
			);
			mainGroup = A328D8A3253C8C4000B90E62;
			productRefGroup = A328D8AD253C8C4000B90E62 /* Products */;
			projectDirPath = "";
			projectRoot = "";
			targets = (
				A328D8AB253C8C4000B90E62 /* RealityMixer */,
			);
		};
/* End PBXProject section */

/* Begin PBXResourcesBuildPhase section */
		A328D8AA253C8C4000B90E62 /* Resources */ = {
			isa = PBXResourcesBuildPhase;
			buildActionMask = 2147483647;
			files = (
				A328D8BC253C8C4300B90E62 /* LaunchScreen.storyboard in Resources */,
				A32416362554E41E008D4B90 /* ProjectionViewController.xib in Resources */,
				A32285F8255A06E400FF3200 /* right.stl in Resources */,
				A32416262554DFD4008D4B90 /* CalibrationConnectionViewController.xib in Resources */,
				A328D8B9253C8C4300B90E62 /* Assets.xcassets in Resources */,
				A32285F7255A06E400FF3200 /* left.stl in Resources */,
				A324162B2554E1B8008D4B90 /* CalibrationViewController.xib in Resources */,
				A324161F2554DABE008D4B90 /* InitialViewController.xib in Resources */,
				A328D979253CE54E00B90E62 /* MixedRealityConnectionViewController.xib in Resources */,
				A32285AB2558050600FF3200 /* AboutViewController.xib in Resources */,
				A328D980253CE63B00B90E62 /* MixedRealityViewController.xib in Resources */,
			);
			runOnlyForDeploymentPostprocessing = 0;
		};
/* End PBXResourcesBuildPhase section */

/* Begin PBXShellScriptBuildPhase section */
		A328D8C6253C8CE200B90E62 /* ShellScript */ = {
			isa = PBXShellScriptBuildPhase;
			buildActionMask = 2147483647;
			files = (
			);
			inputFileListPaths = (
			);
			inputPaths = (
				"$(SRCROOT)/Carthage/Build/iOS/SwiftSocket.framework",
				"$(SRCROOT)/Carthage/Build/iOS/SwiftlyAttributedStrings.framework",
			);
			outputFileListPaths = (
			);
			outputPaths = (
			);
			runOnlyForDeploymentPostprocessing = 0;
			shellPath = /bin/sh;
			shellScript = "carthage copy-frameworks\n";
		};
/* End PBXShellScriptBuildPhase section */

/* Begin PBXSourcesBuildPhase section */
		A328D8A8253C8C4000B90E62 /* Sources */ = {
			isa = PBXSourcesBuildPhase;
			buildActionMask = 2147483647;
			files = (
				A32285AF25580A8800FF3200 /* Definitions.swift in Sources */,
				A3228605255B864900FF3200 /* AudioDataHeader.m in Sources */,
				A328D8B4253C8C4000B90E62 /* MixedRealityConnectionViewController.swift in Sources */,
				A324161E2554DABE008D4B90 /* InitialViewController.swift in Sources */,
				A32285AA2558050600FF3200 /* AboutViewController.swift in Sources */,
				A328D8D1253C917300B90E62 /* OculusMRC.mm in Sources */,
				A32415FE2554D24B008D4B90 /* CalibrationFrame.swift in Sources */,
				A324160F2554D4AD008D4B90 /* CalibrationBuilder.swift in Sources */,
				A32416402555DBA9008D4B90 /* Double+ScientificString.swift in Sources */,
				A324162E2554E213008D4B90 /* OculusCalibration.swift in Sources */,
				A324163D2554E520008D4B90 /* CGPoint+Extensions.swift in Sources */,
				A39033ED256859A8004CB638 /* Shaders.swift in Sources */,
				A32416022554D296008D4B90 /* Math.swift in Sources */,
				A32416052554D2FE008D4B90 /* Parser.swift in Sources */,
				A324162A2554E1B8008D4B90 /* CalibrationViewController.swift in Sources */,
				A324160B2554D3AB008D4B90 /* CalibrationResult.swift in Sources */,
				A328D97F253CE63B00B90E62 /* MixedRealityViewController.swift in Sources */,
				A328D8CC253C914500B90E62 /* frame.cpp in Sources */,
				A328D8B0253C8C4000B90E62 /* AppDelegate.swift in Sources */,
				A32416252554DFD4008D4B90 /* CalibrationConnectionViewController.swift in Sources */,
				A32416312554E340008D4B90 /* CalibrationSceneNodeBuilder.swift in Sources */,
				A324163A2554E4F5008D4B90 /* Vector3+SceneKit.swift in Sources */,
				A3798AE125D9F6CA00B3BFBC /* CameraExperiment.swift in Sources */,
				A32416082554D326008D4B90 /* CalibrationPayload.swift in Sources */,
				A36C606825AE58FE0026DDE1 /* MixedRealityConfiguration.swift in Sources */,
				A32416182554DA24008D4B90 /* Preference.swift in Sources */,
				A32416352554E41E008D4B90 /* ProjectionViewController.swift in Sources */,
			);
			runOnlyForDeploymentPostprocessing = 0;
		};
/* End PBXSourcesBuildPhase section */

/* Begin PBXVariantGroup section */
		A328D8BA253C8C4300B90E62 /* LaunchScreen.storyboard */ = {
			isa = PBXVariantGroup;
			children = (
				A328D8BB253C8C4300B90E62 /* Base */,
			);
			name = LaunchScreen.storyboard;
			sourceTree = "<group>";
		};
/* End PBXVariantGroup section */

/* Begin XCBuildConfiguration section */
		A328D8BE253C8C4300B90E62 /* Debug */ = {
			isa = XCBuildConfiguration;
			buildSettings = {
				ALWAYS_SEARCH_USER_PATHS = NO;
				CLANG_ANALYZER_NONNULL = YES;
				CLANG_ANALYZER_NUMBER_OBJECT_CONVERSION = YES_AGGRESSIVE;
				CLANG_CXX_LANGUAGE_STANDARD = "gnu++14";
				CLANG_CXX_LIBRARY = "libc++";
				CLANG_ENABLE_MODULES = YES;
				CLANG_ENABLE_OBJC_ARC = YES;
				CLANG_ENABLE_OBJC_WEAK = YES;
				CLANG_WARN_BLOCK_CAPTURE_AUTORELEASING = YES;
				CLANG_WARN_BOOL_CONVERSION = YES;
				CLANG_WARN_COMMA = YES;
				CLANG_WARN_CONSTANT_CONVERSION = YES;
				CLANG_WARN_DEPRECATED_OBJC_IMPLEMENTATIONS = YES;
				CLANG_WARN_DIRECT_OBJC_ISA_USAGE = YES_ERROR;
				CLANG_WARN_DOCUMENTATION_COMMENTS = YES;
				CLANG_WARN_EMPTY_BODY = YES;
				CLANG_WARN_ENUM_CONVERSION = YES;
				CLANG_WARN_INFINITE_RECURSION = YES;
				CLANG_WARN_INT_CONVERSION = YES;
				CLANG_WARN_NON_LITERAL_NULL_CONVERSION = YES;
				CLANG_WARN_OBJC_IMPLICIT_RETAIN_SELF = YES;
				CLANG_WARN_OBJC_LITERAL_CONVERSION = YES;
				CLANG_WARN_OBJC_ROOT_CLASS = YES_ERROR;
				CLANG_WARN_QUOTED_INCLUDE_IN_FRAMEWORK_HEADER = YES;
				CLANG_WARN_RANGE_LOOP_ANALYSIS = YES;
				CLANG_WARN_STRICT_PROTOTYPES = YES;
				CLANG_WARN_SUSPICIOUS_MOVE = YES;
				CLANG_WARN_UNGUARDED_AVAILABILITY = YES_AGGRESSIVE;
				CLANG_WARN_UNREACHABLE_CODE = YES;
				CLANG_WARN__DUPLICATE_METHOD_MATCH = YES;
				COPY_PHASE_STRIP = NO;
				DEBUG_INFORMATION_FORMAT = dwarf;
				ENABLE_STRICT_OBJC_MSGSEND = YES;
				ENABLE_TESTABILITY = YES;
				GCC_C_LANGUAGE_STANDARD = gnu11;
				GCC_DYNAMIC_NO_PIC = NO;
				GCC_NO_COMMON_BLOCKS = YES;
				GCC_OPTIMIZATION_LEVEL = 0;
				GCC_PREPROCESSOR_DEFINITIONS = (
					"DEBUG=1",
					"$(inherited)",
				);
				GCC_WARN_64_TO_32_BIT_CONVERSION = YES;
				GCC_WARN_ABOUT_RETURN_TYPE = YES_ERROR;
				GCC_WARN_UNDECLARED_SELECTOR = YES;
				GCC_WARN_UNINITIALIZED_AUTOS = YES_AGGRESSIVE;
				GCC_WARN_UNUSED_FUNCTION = YES;
				GCC_WARN_UNUSED_VARIABLE = YES;
				IPHONEOS_DEPLOYMENT_TARGET = 14.0;
				MTL_ENABLE_DEBUG_INFO = INCLUDE_SOURCE;
				MTL_FAST_MATH = YES;
				ONLY_ACTIVE_ARCH = YES;
				SDKROOT = iphoneos;
				SWIFT_ACTIVE_COMPILATION_CONDITIONS = DEBUG;
				SWIFT_OPTIMIZATION_LEVEL = "-Onone";
			};
			name = Debug;
		};
		A328D8BF253C8C4300B90E62 /* Release */ = {
			isa = XCBuildConfiguration;
			buildSettings = {
				ALWAYS_SEARCH_USER_PATHS = NO;
				CLANG_ANALYZER_NONNULL = YES;
				CLANG_ANALYZER_NUMBER_OBJECT_CONVERSION = YES_AGGRESSIVE;
				CLANG_CXX_LANGUAGE_STANDARD = "gnu++14";
				CLANG_CXX_LIBRARY = "libc++";
				CLANG_ENABLE_MODULES = YES;
				CLANG_ENABLE_OBJC_ARC = YES;
				CLANG_ENABLE_OBJC_WEAK = YES;
				CLANG_WARN_BLOCK_CAPTURE_AUTORELEASING = YES;
				CLANG_WARN_BOOL_CONVERSION = YES;
				CLANG_WARN_COMMA = YES;
				CLANG_WARN_CONSTANT_CONVERSION = YES;
				CLANG_WARN_DEPRECATED_OBJC_IMPLEMENTATIONS = YES;
				CLANG_WARN_DIRECT_OBJC_ISA_USAGE = YES_ERROR;
				CLANG_WARN_DOCUMENTATION_COMMENTS = YES;
				CLANG_WARN_EMPTY_BODY = YES;
				CLANG_WARN_ENUM_CONVERSION = YES;
				CLANG_WARN_INFINITE_RECURSION = YES;
				CLANG_WARN_INT_CONVERSION = YES;
				CLANG_WARN_NON_LITERAL_NULL_CONVERSION = YES;
				CLANG_WARN_OBJC_IMPLICIT_RETAIN_SELF = YES;
				CLANG_WARN_OBJC_LITERAL_CONVERSION = YES;
				CLANG_WARN_OBJC_ROOT_CLASS = YES_ERROR;
				CLANG_WARN_QUOTED_INCLUDE_IN_FRAMEWORK_HEADER = YES;
				CLANG_WARN_RANGE_LOOP_ANALYSIS = YES;
				CLANG_WARN_STRICT_PROTOTYPES = YES;
				CLANG_WARN_SUSPICIOUS_MOVE = YES;
				CLANG_WARN_UNGUARDED_AVAILABILITY = YES_AGGRESSIVE;
				CLANG_WARN_UNREACHABLE_CODE = YES;
				CLANG_WARN__DUPLICATE_METHOD_MATCH = YES;
				COPY_PHASE_STRIP = NO;
				DEBUG_INFORMATION_FORMAT = "dwarf-with-dsym";
				ENABLE_NS_ASSERTIONS = NO;
				ENABLE_STRICT_OBJC_MSGSEND = YES;
				GCC_C_LANGUAGE_STANDARD = gnu11;
				GCC_NO_COMMON_BLOCKS = YES;
				GCC_WARN_64_TO_32_BIT_CONVERSION = YES;
				GCC_WARN_ABOUT_RETURN_TYPE = YES_ERROR;
				GCC_WARN_UNDECLARED_SELECTOR = YES;
				GCC_WARN_UNINITIALIZED_AUTOS = YES_AGGRESSIVE;
				GCC_WARN_UNUSED_FUNCTION = YES;
				GCC_WARN_UNUSED_VARIABLE = YES;
				IPHONEOS_DEPLOYMENT_TARGET = 14.0;
				MTL_ENABLE_DEBUG_INFO = NO;
				MTL_FAST_MATH = YES;
				SDKROOT = iphoneos;
				SWIFT_COMPILATION_MODE = wholemodule;
				SWIFT_OPTIMIZATION_LEVEL = "-O";
				VALIDATE_PRODUCT = YES;
			};
			name = Release;
		};
		A328D8C1253C8C4300B90E62 /* Debug */ = {
			isa = XCBuildConfiguration;
			buildSettings = {
				ASSETCATALOG_COMPILER_APPICON_NAME = AppIcon;
				ASSETCATALOG_COMPILER_GLOBAL_ACCENT_COLOR_NAME = AccentColor;
				CLANG_ENABLE_MODULES = YES;
				CODE_SIGN_STYLE = Automatic;
				CURRENT_PROJECT_VERSION = 10;
				DEVELOPMENT_TEAM = ZTJ55TM37B;
				FRAMEWORK_SEARCH_PATHS = (
					"$(inherited)",
					"$(PROJECT_DIR)/Carthage/Build/iOS",
				);
				HEADER_SEARCH_PATHS = "$(PROJECT_DIR)/RealityMixer/FFmpeg-iOS/**";
				INFOPLIST_FILE = "$(SRCROOT)/RealityMixer/Info.plist";
				LD_RUNPATH_SEARCH_PATHS = (
					"$(inherited)",
					"@executable_path/Frameworks",
				);
				LIBRARY_SEARCH_PATHS = (
					"$(inherited)",
					"$(PROJECT_DIR)/RealityMixer/FFmpeg-iOS/lib",
				);
				MARKETING_VERSION = 0.2.0;
				PRODUCT_BUNDLE_IDENTIFIER = com.bluenose.reality.mixer;
				PRODUCT_NAME = "$(TARGET_NAME)";
				SWIFT_OBJC_BRIDGING_HEADER = "RealityMixer/RealityMixer-Bridging-Header.h";
				SWIFT_OPTIMIZATION_LEVEL = "-Onone";
				SWIFT_VERSION = 5.0;
				TARGETED_DEVICE_FAMILY = "1,2";
			};
			name = Debug;
		};
		A328D8C2253C8C4300B90E62 /* Release */ = {
			isa = XCBuildConfiguration;
			buildSettings = {
				ASSETCATALOG_COMPILER_APPICON_NAME = AppIcon;
				ASSETCATALOG_COMPILER_GLOBAL_ACCENT_COLOR_NAME = AccentColor;
				CLANG_ENABLE_MODULES = YES;
				CODE_SIGN_STYLE = Automatic;
				CURRENT_PROJECT_VERSION = 10;
				DEVELOPMENT_TEAM = ZTJ55TM37B;
				FRAMEWORK_SEARCH_PATHS = (
					"$(inherited)",
					"$(PROJECT_DIR)/Carthage/Build/iOS",
				);
				HEADER_SEARCH_PATHS = "$(PROJECT_DIR)/RealityMixer/FFmpeg-iOS/**";
				INFOPLIST_FILE = "$(SRCROOT)/RealityMixer/Info.plist";
				LD_RUNPATH_SEARCH_PATHS = (
					"$(inherited)",
					"@executable_path/Frameworks",
				);
				LIBRARY_SEARCH_PATHS = (
					"$(inherited)",
					"$(PROJECT_DIR)/RealityMixer/FFmpeg-iOS/lib",
				);
				MARKETING_VERSION = 0.2.0;
				PRODUCT_BUNDLE_IDENTIFIER = com.bluenose.reality.mixer;
				PRODUCT_NAME = "$(TARGET_NAME)";
				SWIFT_OBJC_BRIDGING_HEADER = "RealityMixer/RealityMixer-Bridging-Header.h";
				SWIFT_VERSION = 5.0;
				TARGETED_DEVICE_FAMILY = "1,2";
			};
			name = Release;
		};
/* End XCBuildConfiguration section */

/* Begin XCConfigurationList section */
		A328D8A7253C8C4000B90E62 /* Build configuration list for PBXProject "RealityMixer" */ = {
			isa = XCConfigurationList;
			buildConfigurations = (
				A328D8BE253C8C4300B90E62 /* Debug */,
				A328D8BF253C8C4300B90E62 /* Release */,
			);
			defaultConfigurationIsVisible = 0;
			defaultConfigurationName = Release;
		};
		A328D8C0253C8C4300B90E62 /* Build configuration list for PBXNativeTarget "RealityMixer" */ = {
			isa = XCConfigurationList;
			buildConfigurations = (
				A328D8C1253C8C4300B90E62 /* Debug */,
				A328D8C2253C8C4300B90E62 /* Release */,
			);
			defaultConfigurationIsVisible = 0;
			defaultConfigurationName = Release;
		};
/* End XCConfigurationList section */
	};
	rootObject = A328D8A4253C8C4000B90E62 /* Project object */;
}
